{
  "version": 4,
  "terraform_version": "1.2.9",
  "serial": 62,
  "lineage": "b6f934db-e524-6ac9-a173-6b9982a6fd96",
  "outputs": {
    "cloudgoat_output_access_key_id": {
      "value": "AKIAYVOEROQZ3B5BZQHB",
      "type": "string",
      "sensitive": true
    },
    "cloudgoat_output_api_url": {
      "value": "https://ir6i5i53fh.execute-api.us-east-1.amazonaws.com/prod",
      "type": "string"
    },
    "cloudgoat_output_aws_account_id": {
      "value": "595802027059",
      "type": "string"
    },
    "cloudgoat_output_secret_access_key": {
      "value": "ltqCwAVWCFtGeAShobtF7GOHwx71idbQ9Da6HLVu",
      "type": "string",
      "sensitive": true
    }
  },
  "resources": [
    {
      "mode": "data",
      "type": "aws_ami",
      "name": "ubuntu",
      "provider": "provider[\"registry.terraform.io/hashicorp/aws\"]",
      "instances": [
        {
          "schema_version": 0,
          "attributes": {
            "architecture": "x86_64",
            "arn": "arn:aws:ec2:us-east-1::image/ami-0149b2da6ceec4bb0",
            "block_device_mappings": [
              {
                "device_name": "/dev/sda1",
                "ebs": {
                  "delete_on_termination": "true",
                  "encrypted": "false",
                  "iops": "0",
                  "snapshot_id": "snap-023f96b23f5b82f59",
                  "throughput": "0",
                  "volume_size": "8",
                  "volume_type": "gp2"
                },
                "no_device": "",
                "virtual_name": ""
              },
              {
                "device_name": "/dev/sdb",
                "ebs": {},
                "no_device": "",
                "virtual_name": "ephemeral0"
              },
              {
                "device_name": "/dev/sdc",
                "ebs": {},
                "no_device": "",
                "virtual_name": "ephemeral1"
              }
            ],
            "boot_mode": "",
            "creation_date": "2022-09-14T23:44:17.000Z",
            "deprecation_time": "2024-09-14T23:44:17.000Z",
            "description": "Canonical, Ubuntu, 20.04 LTS, amd64 focal image build on 2022-09-14",
            "ena_support": true,
            "executable_users": null,
            "filter": [
              {
                "name": "name",
                "values": [
                  "ubuntu/images/hvm-ssd/ubuntu-focal-20.04-amd64-server-*"
                ]
              },
              {
                "name": "virtualization-type",
                "values": [
                  "hvm"
                ]
              }
            ],
            "hypervisor": "xen",
            "id": "ami-0149b2da6ceec4bb0",
            "image_id": "ami-0149b2da6ceec4bb0",
            "image_location": "amazon/ubuntu/images/hvm-ssd/ubuntu-focal-20.04-amd64-server-20220914",
            "image_owner_alias": "amazon",
            "image_type": "machine",
            "include_deprecated": false,
            "kernel_id": "",
            "most_recent": true,
            "name": "ubuntu/images/hvm-ssd/ubuntu-focal-20.04-amd64-server-20220914",
            "name_regex": null,
            "owner_id": "099720109477",
            "owners": [
              "099720109477"
            ],
            "platform": "",
            "platform_details": "Linux/UNIX",
            "product_codes": [],
            "public": true,
            "ramdisk_id": "",
            "root_device_name": "/dev/sda1",
            "root_device_type": "ebs",
            "root_snapshot_id": "snap-023f96b23f5b82f59",
            "sriov_net_support": "simple",
            "state": "available",
            "state_reason": {
              "code": "UNSET",
              "message": "UNSET"
            },
            "tags": {},
            "timeouts": null,
            "tpm_support": "",
            "usage_operation": "RunInstances",
            "virtualization_type": "hvm"
          },
          "sensitive_attributes": []
        }
      ]
    },
    {
      "mode": "data",
      "type": "aws_availability_zones",
      "name": "available",
      "provider": "provider[\"registry.terraform.io/hashicorp/aws\"]",
      "instances": [
        {
          "schema_version": 0,
          "attributes": {
            "all_availability_zones": null,
            "exclude_names": null,
            "exclude_zone_ids": null,
            "filter": null,
            "group_names": [
              "us-east-1"
            ],
            "id": "us-east-1",
            "names": [
              "us-east-1a",
              "us-east-1b",
              "us-east-1c",
              "us-east-1d",
              "us-east-1e",
              "us-east-1f"
            ],
            "state": "available",
            "timeouts": null,
            "zone_ids": [
              "use1-az4",
              "use1-az6",
              "use1-az1",
              "use1-az2",
              "use1-az3",
              "use1-az5"
            ]
          },
          "sensitive_attributes": []
        }
      ]
    },
    {
      "mode": "data",
      "type": "aws_caller_identity",
      "name": "current",
      "provider": "provider[\"registry.terraform.io/hashicorp/aws\"]",
      "instances": [
        {
          "schema_version": 0,
          "attributes": {
            "account_id": "595802027059",
            "arn": "arn:aws:iam::595802027059:root",
            "id": "595802027059",
            "user_id": "595802027059"
          },
          "sensitive_attributes": []
        }
      ]
    },
    {
      "mode": "managed",
      "type": "aws_apigatewayv2_api",
      "name": "apigw",
      "provider": "provider[\"registry.terraform.io/hashicorp/aws\"]",
      "instances": [
        {
          "schema_version": 0,
          "attributes": {
            "api_endpoint": "https://ir6i5i53fh.execute-api.us-east-1.amazonaws.com",
            "api_key_selection_expression": "$request.header.x-api-key",
            "arn": "arn:aws:apigateway:us-east-1::/apis/ir6i5i53fh",
            "body": null,
            "cors_configuration": [],
            "credentials_arn": null,
            "description": "",
            "disable_execute_api_endpoint": false,
            "execution_arn": "arn:aws:execute-api:us-east-1:595802027059:ir6i5i53fh",
            "fail_on_warnings": null,
            "id": "ir6i5i53fh",
            "name": "main-apigw",
            "protocol_type": "HTTP",
            "route_key": null,
            "route_selection_expression": "$request.method $request.path",
            "tags": null,
            "tags_all": {},
            "target": null,
            "version": ""
          },
          "sensitive_attributes": [],
          "private": "bnVsbA==",
          "create_before_destroy": true
        }
      ]
    },
    {
      "mode": "managed",
      "type": "aws_apigatewayv2_deployment",
      "name": "example",
      "provider": "provider[\"registry.terraform.io/hashicorp/aws\"]",
      "instances": [
        {
          "schema_version": 0,
          "attributes": {
            "api_id": "ir6i5i53fh",
            "auto_deployed": false,
            "description": "Main deployment",
            "id": "o3tsx8",
            "triggers": null
          },
          "sensitive_attributes": [],
          "private": "bnVsbA==",
          "dependencies": [
            "aws_apigatewayv2_api.apigw",
            "aws_apigatewayv2_integration.lambda",
            "aws_apigatewayv2_route.main_route",
            "aws_codebuild_project.build-docker-image",
            "aws_codecommit_repository.code",
            "aws_ecr_repository.app",
            "aws_iam_access_key.developer",
            "aws_iam_role.build-docker-image",
            "aws_iam_role_policy.build-docker-image",
            "aws_iam_user.developer",
            "aws_s3_bucket.codepipeline_bucket",
            "module.lambda_function_container_image.aws_cloudwatch_log_group.lambda",
            "module.lambda_function_container_image.aws_iam_policy.logs",
            "module.lambda_function_container_image.aws_iam_role.lambda",
            "module.lambda_function_container_image.aws_iam_role_policy_attachment.additional_inline",
            "module.lambda_function_container_image.aws_iam_role_policy_attachment.additional_json",
            "module.lambda_function_container_image.aws_iam_role_policy_attachment.additional_jsons",
            "module.lambda_function_container_image.aws_iam_role_policy_attachment.additional_many",
            "module.lambda_function_container_image.aws_iam_role_policy_attachment.additional_one",
            "module.lambda_function_container_image.aws_iam_role_policy_attachment.async",
            "module.lambda_function_container_image.aws_iam_role_policy_attachment.dead_letter",
            "module.lambda_function_container_image.aws_iam_role_policy_attachment.logs",
            "module.lambda_function_container_image.aws_iam_role_policy_attachment.tracing",
            "module.lambda_function_container_image.aws_iam_role_policy_attachment.vpc",
            "module.lambda_function_container_image.aws_lambda_function.this",
            "module.lambda_function_container_image.aws_s3_object.lambda_package",
            "module.lambda_function_container_image.data.aws_arn.log_group_arn",
            "module.lambda_function_container_image.data.aws_cloudwatch_log_group.lambda",
            "module.lambda_function_container_image.data.aws_iam_policy_document.assume_role",
            "module.lambda_function_container_image.data.aws_iam_policy_document.logs",
            "module.lambda_function_container_image.data.external.archive_prepare",
            "module.lambda_function_container_image.null_resource.archive",
            "null_resource.upload_files"
          ],
          "create_before_destroy": true
        }
      ]
    },
    {
      "mode": "managed",
      "type": "aws_apigatewayv2_integration",
      "name": "lambda",
      "provider": "provider[\"registry.terraform.io/hashicorp/aws\"]",
      "instances": [
        {
          "schema_version": 0,
          "attributes": {
            "api_id": "ir6i5i53fh",
            "connection_id": "",
            "connection_type": "INTERNET",
            "content_handling_strategy": "",
            "credentials_arn": "",
            "description": "",
            "id": "jjqomvp",
            "integration_method": "POST",
            "integration_response_selection_expression": "",
            "integration_subtype": "",
            "integration_type": "AWS_PROXY",
            "integration_uri": "arn:aws:apigateway:us-east-1:lambda:path/2015-03-31/functions/arn:aws:lambda:us-east-1:595802027059:function:backend-api/invocations",
            "passthrough_behavior": "",
            "payload_format_version": "1.0",
            "request_parameters": null,
            "request_templates": null,
            "response_parameters": [],
            "template_selection_expression": "",
            "timeout_milliseconds": 30000,
            "tls_config": []
          },
          "sensitive_attributes": [],
          "private": "bnVsbA==",
          "dependencies": [
            "aws_apigatewayv2_api.apigw",
            "aws_codebuild_project.build-docker-image",
            "aws_codecommit_repository.code",
            "aws_ecr_repository.app",
            "aws_iam_access_key.developer",
            "aws_iam_role.build-docker-image",
            "aws_iam_role_policy.build-docker-image",
            "aws_iam_user.developer",
            "aws_s3_bucket.codepipeline_bucket",
            "module.lambda_function_container_image.aws_cloudwatch_log_group.lambda",
            "module.lambda_function_container_image.aws_iam_policy.logs",
            "module.lambda_function_container_image.aws_iam_role.lambda",
            "module.lambda_function_container_image.aws_iam_role_policy_attachment.additional_inline",
            "module.lambda_function_container_image.aws_iam_role_policy_attachment.additional_json",
            "module.lambda_function_container_image.aws_iam_role_policy_attachment.additional_jsons",
            "module.lambda_function_container_image.aws_iam_role_policy_attachment.additional_many",
            "module.lambda_function_container_image.aws_iam_role_policy_attachment.additional_one",
            "module.lambda_function_container_image.aws_iam_role_policy_attachment.async",
            "module.lambda_function_container_image.aws_iam_role_policy_attachment.dead_letter",
            "module.lambda_function_container_image.aws_iam_role_policy_attachment.logs",
            "module.lambda_function_container_image.aws_iam_role_policy_attachment.tracing",
            "module.lambda_function_container_image.aws_iam_role_policy_attachment.vpc",
            "module.lambda_function_container_image.aws_lambda_function.this",
            "module.lambda_function_container_image.aws_s3_object.lambda_package",
            "module.lambda_function_container_image.data.aws_arn.log_group_arn",
            "module.lambda_function_container_image.data.aws_cloudwatch_log_group.lambda",
            "module.lambda_function_container_image.data.aws_iam_policy_document.assume_role",
            "module.lambda_function_container_image.data.aws_iam_policy_document.logs",
            "module.lambda_function_container_image.data.external.archive_prepare",
            "module.lambda_function_container_image.null_resource.archive",
            "null_resource.upload_files"
          ],
          "create_before_destroy": true
        }
      ]
    },
    {
      "mode": "managed",
      "type": "aws_apigatewayv2_route",
      "name": "main_route",
      "provider": "provider[\"registry.terraform.io/hashicorp/aws\"]",
      "instances": [
        {
          "schema_version": 0,
          "attributes": {
            "api_id": "ir6i5i53fh",
            "api_key_required": false,
            "authorization_scopes": null,
            "authorization_type": "NONE",
            "authorizer_id": "",
            "id": "mwwm4b2",
            "model_selection_expression": "",
            "operation_name": "",
            "request_models": null,
            "request_parameter": [
              {
                "request_parameter_key": "route.request.header.Authorization",
                "required": false
              }
            ],
            "route_key": "POST /hello",
            "route_response_selection_expression": "",
            "target": "integrations/jjqomvp"
          },
          "sensitive_attributes": [],
          "private": "bnVsbA==",
          "dependencies": [
            "aws_apigatewayv2_api.apigw",
            "aws_apigatewayv2_integration.lambda",
            "aws_codebuild_project.build-docker-image",
            "aws_codecommit_repository.code",
            "aws_ecr_repository.app",
            "aws_iam_access_key.developer",
            "aws_iam_role.build-docker-image",
            "aws_iam_role_policy.build-docker-image",
            "aws_iam_user.developer",
            "aws_s3_bucket.codepipeline_bucket",
            "module.lambda_function_container_image.aws_cloudwatch_log_group.lambda",
            "module.lambda_function_container_image.aws_iam_policy.logs",
            "module.lambda_function_container_image.aws_iam_role.lambda",
            "module.lambda_function_container_image.aws_iam_role_policy_attachment.additional_inline",
            "module.lambda_function_container_image.aws_iam_role_policy_attachment.additional_json",
            "module.lambda_function_container_image.aws_iam_role_policy_attachment.additional_jsons",
            "module.lambda_function_container_image.aws_iam_role_policy_attachment.additional_many",
            "module.lambda_function_container_image.aws_iam_role_policy_attachment.additional_one",
            "module.lambda_function_container_image.aws_iam_role_policy_attachment.async",
            "module.lambda_function_container_image.aws_iam_role_policy_attachment.dead_letter",
            "module.lambda_function_container_image.aws_iam_role_policy_attachment.logs",
            "module.lambda_function_container_image.aws_iam_role_policy_attachment.tracing",
            "module.lambda_function_container_image.aws_iam_role_policy_attachment.vpc",
            "module.lambda_function_container_image.aws_lambda_function.this",
            "module.lambda_function_container_image.aws_s3_object.lambda_package",
            "module.lambda_function_container_image.data.aws_arn.log_group_arn",
            "module.lambda_function_container_image.data.aws_cloudwatch_log_group.lambda",
            "module.lambda_function_container_image.data.aws_iam_policy_document.assume_role",
            "module.lambda_function_container_image.data.aws_iam_policy_document.logs",
            "module.lambda_function_container_image.data.external.archive_prepare",
            "module.lambda_function_container_image.null_resource.archive",
            "null_resource.upload_files"
          ],
          "create_before_destroy": true
        }
      ]
    },
    {
      "mode": "managed",
      "type": "aws_apigatewayv2_stage",
      "name": "prod",
      "provider": "provider[\"registry.terraform.io/hashicorp/aws\"]",
      "instances": [
        {
          "schema_version": 0,
          "attributes": {
            "access_log_settings": [],
            "api_id": "ir6i5i53fh",
            "arn": "arn:aws:apigateway:us-east-1::/apis/ir6i5i53fh/stages/prod",
            "auto_deploy": false,
            "client_certificate_id": "",
            "default_route_settings": [
              {
                "data_trace_enabled": false,
                "detailed_metrics_enabled": false,
                "logging_level": "",
                "throttling_burst_limit": 0,
                "throttling_rate_limit": 0
              }
            ],
            "deployment_id": "o3tsx8",
            "description": "",
            "execution_arn": "arn:aws:execute-api:us-east-1:595802027059:ir6i5i53fh/prod",
            "id": "prod",
            "invoke_url": "https://ir6i5i53fh.execute-api.us-east-1.amazonaws.com/prod",
            "name": "prod",
            "route_settings": [],
            "stage_variables": null,
            "tags": null,
            "tags_all": {}
          },
          "sensitive_attributes": [],
          "private": "bnVsbA==",
          "dependencies": [
            "aws_apigatewayv2_api.apigw",
            "aws_apigatewayv2_deployment.example",
            "aws_apigatewayv2_integration.lambda",
            "aws_apigatewayv2_route.main_route",
            "aws_codebuild_project.build-docker-image",
            "aws_codecommit_repository.code",
            "aws_ecr_repository.app",
            "aws_iam_access_key.developer",
            "aws_iam_role.build-docker-image",
            "aws_iam_role_policy.build-docker-image",
            "aws_iam_user.developer",
            "aws_s3_bucket.codepipeline_bucket",
            "module.lambda_function_container_image.aws_cloudwatch_log_group.lambda",
            "module.lambda_function_container_image.aws_iam_policy.logs",
            "module.lambda_function_container_image.aws_iam_role.lambda",
            "module.lambda_function_container_image.aws_iam_role_policy_attachment.additional_inline",
            "module.lambda_function_container_image.aws_iam_role_policy_attachment.additional_json",
            "module.lambda_function_container_image.aws_iam_role_policy_attachment.additional_jsons",
            "module.lambda_function_container_image.aws_iam_role_policy_attachment.additional_many",
            "module.lambda_function_container_image.aws_iam_role_policy_attachment.additional_one",
            "module.lambda_function_container_image.aws_iam_role_policy_attachment.async",
            "module.lambda_function_container_image.aws_iam_role_policy_attachment.dead_letter",
            "module.lambda_function_container_image.aws_iam_role_policy_attachment.logs",
            "module.lambda_function_container_image.aws_iam_role_policy_attachment.tracing",
            "module.lambda_function_container_image.aws_iam_role_policy_attachment.vpc",
            "module.lambda_function_container_image.aws_lambda_function.this",
            "module.lambda_function_container_image.aws_s3_object.lambda_package",
            "module.lambda_function_container_image.data.aws_arn.log_group_arn",
            "module.lambda_function_container_image.data.aws_cloudwatch_log_group.lambda",
            "module.lambda_function_container_image.data.aws_iam_policy_document.assume_role",
            "module.lambda_function_container_image.data.aws_iam_policy_document.logs",
            "module.lambda_function_container_image.data.external.archive_prepare",
            "module.lambda_function_container_image.null_resource.archive",
            "null_resource.upload_files"
          ]
        }
      ]
    },
    {
      "mode": "managed",
      "type": "aws_cloudwatch_event_rule",
      "name": "schedule",
      "provider": "provider[\"registry.terraform.io/hashicorp/aws\"]",
      "instances": [
        {
          "schema_version": 0,
          "attributes": {
            "arn": "arn:aws:events:us-east-1:595802027059:rule/simulated-user-activity",
            "description": "Simulate user activity on the API",
            "event_bus_name": "default",
            "event_pattern": null,
            "id": "simulated-user-activity",
            "is_enabled": true,
            "name": "simulated-user-activity",
            "name_prefix": "",
            "role_arn": "",
            "schedule_expression": "rate(1 minute)",
            "tags": null,
            "tags_all": {}
          },
          "sensitive_attributes": [],
          "private": "bnVsbA=="
        }
      ]
    },
    {
      "mode": "managed",
      "type": "aws_cloudwatch_event_target",
      "name": "codebuild",
      "provider": "provider[\"registry.terraform.io/hashicorp/aws\"]",
      "instances": [
        {
          "schema_version": 1,
          "attributes": {
            "arn": "arn:aws:codebuild:us-east-1:595802027059:project/OUTOFSCOPE_simulate-user-activity",
            "batch_target": [],
            "dead_letter_config": [],
            "ecs_target": [],
            "event_bus_name": "default",
            "http_target": [],
            "id": "simulated-user-activity-trigger-codebuild",
            "input": "",
            "input_path": "",
            "input_transformer": [],
            "kinesis_target": [],
            "redshift_target": [],
            "retry_policy": [],
            "role_arn": "arn:aws:iam::595802027059:role/simulate-user-activity-scheduling-role",
            "rule": "simulated-user-activity",
            "run_command_targets": [],
            "sqs_target": [],
            "target_id": "trigger-codebuild"
          },
          "sensitive_attributes": [],
          "private": "eyJzY2hlbWFfdmVyc2lvbiI6IjEifQ==",
          "dependencies": [
            "aws_apigatewayv2_api.apigw",
            "aws_apigatewayv2_deployment.example",
            "aws_apigatewayv2_integration.lambda",
            "aws_apigatewayv2_route.main_route",
            "aws_apigatewayv2_stage.prod",
            "aws_cloudwatch_event_rule.schedule",
            "aws_codebuild_project.build-docker-image",
            "aws_codebuild_project.simulate-user-activity",
            "aws_codecommit_repository.code",
            "aws_ecr_repository.app",
            "aws_iam_access_key.developer",
            "aws_iam_role.build-docker-image",
            "aws_iam_role.simulate-user-activity",
            "aws_iam_role.simulate-user-activity-scheduling",
            "aws_iam_role_policy.build-docker-image",
            "aws_iam_user.developer",
            "aws_s3_bucket.codepipeline_bucket",
            "module.lambda_function_container_image.aws_cloudwatch_log_group.lambda",
            "module.lambda_function_container_image.aws_iam_policy.logs",
            "module.lambda_function_container_image.aws_iam_role.lambda",
            "module.lambda_function_container_image.aws_iam_role_policy_attachment.additional_inline",
            "module.lambda_function_container_image.aws_iam_role_policy_attachment.additional_json",
            "module.lambda_function_container_image.aws_iam_role_policy_attachment.additional_jsons",
            "module.lambda_function_container_image.aws_iam_role_policy_attachment.additional_many",
            "module.lambda_function_container_image.aws_iam_role_policy_attachment.additional_one",
            "module.lambda_function_container_image.aws_iam_role_policy_attachment.async",
            "module.lambda_function_container_image.aws_iam_role_policy_attachment.dead_letter",
            "module.lambda_function_container_image.aws_iam_role_policy_attachment.logs",
            "module.lambda_function_container_image.aws_iam_role_policy_attachment.tracing",
            "module.lambda_function_container_image.aws_iam_role_policy_attachment.vpc",
            "module.lambda_function_container_image.aws_lambda_function.this",
            "module.lambda_function_container_image.aws_s3_object.lambda_package",
            "module.lambda_function_container_image.data.aws_arn.log_group_arn",
            "module.lambda_function_container_image.data.aws_cloudwatch_log_group.lambda",
            "module.lambda_function_container_image.data.aws_iam_policy_document.assume_role",
            "module.lambda_function_container_image.data.aws_iam_policy_document.logs",
            "module.lambda_function_container_image.data.external.archive_prepare",
            "module.lambda_function_container_image.null_resource.archive",
            "null_resource.upload_files"
          ]
        }
      ]
    },
    {
      "mode": "managed",
      "type": "aws_codebuild_project",
      "name": "build-docker-image",
      "provider": "provider[\"registry.terraform.io/hashicorp/aws\"]",
      "instances": [
        {
          "schema_version": 0,
          "attributes": {
            "arn": "arn:aws:codebuild:us-east-1:595802027059:project/build-docker-image",
            "artifacts": [
              {
                "artifact_identifier": "",
                "bucket_owner_access": "",
                "encryption_disabled": false,
                "location": "",
                "name": "",
                "namespace_type": "",
                "override_artifact_name": false,
                "packaging": "",
                "path": "",
                "type": "NO_ARTIFACTS"
              }
            ],
            "badge_enabled": false,
            "badge_url": "",
            "build_batch_config": [],
            "build_timeout": 60,
            "cache": [
              {
                "location": "",
                "modes": [],
                "type": "NO_CACHE"
              }
            ],
            "concurrent_build_limit": 0,
            "description": "",
            "encryption_key": "arn:aws:kms:us-east-1:595802027059:alias/aws/s3",
            "environment": [
              {
                "certificate": "",
                "compute_type": "BUILD_GENERAL1_SMALL",
                "environment_variable": [
                  {
                    "name": "ECR_REPOSITORY",
                    "type": "PLAINTEXT",
                    "value": "595802027059.dkr.ecr.us-east-1.amazonaws.com/backend-api"
                  }
                ],
                "image": "aws/codebuild/amazonlinux2-x86_64-standard:3.0",
                "image_pull_credentials_type": "CODEBUILD",
                "privileged_mode": true,
                "registry_credential": [],
                "type": "LINUX_CONTAINER"
              }
            ],
            "file_system_locations": [],
            "id": "arn:aws:codebuild:us-east-1:595802027059:project/build-docker-image",
            "logs_config": [
              {
                "cloudwatch_logs": [
                  {
                    "group_name": "",
                    "status": "ENABLED",
                    "stream_name": ""
                  }
                ],
                "s3_logs": [
                  {
                    "bucket_owner_access": "",
                    "encryption_disabled": false,
                    "location": "",
                    "status": "DISABLED"
                  }
                ]
              }
            ],
            "name": "build-docker-image",
            "project_visibility": "PRIVATE",
            "public_project_alias": "",
            "queued_timeout": 480,
            "resource_access_role": "",
            "secondary_artifacts": [],
            "secondary_source_version": [],
            "secondary_sources": [],
            "service_role": "arn:aws:iam::595802027059:role/build-docker-image-role",
            "source": [
              {
                "auth": [],
                "build_status_config": [],
                "buildspec": "",
                "git_clone_depth": 0,
                "git_submodules_config": [],
                "insecure_ssl": false,
                "location": "https://git-codecommit.us-east-1.amazonaws.com/v1/repos/backend-api",
                "report_build_status": false,
                "type": "CODECOMMIT"
              }
            ],
            "source_version": "",
            "tags": null,
            "tags_all": {},
            "vpc_config": []
          },
          "sensitive_attributes": [],
          "private": "bnVsbA==",
          "dependencies": [
            "aws_codecommit_repository.code",
            "aws_ecr_repository.app",
            "aws_iam_role.build-docker-image"
          ],
          "create_before_destroy": true
        }
      ]
    },
    {
      "mode": "managed",
      "type": "aws_codebuild_project",
      "name": "deploy-lambda",
      "provider": "provider[\"registry.terraform.io/hashicorp/aws\"]",
      "instances": [
        {
          "schema_version": 0,
          "attributes": {
            "arn": "arn:aws:codebuild:us-east-1:595802027059:project/deploy-lambda-function",
            "artifacts": [
              {
                "artifact_identifier": "",
                "bucket_owner_access": "",
                "encryption_disabled": false,
                "location": "",
                "name": "",
                "namespace_type": "",
                "override_artifact_name": false,
                "packaging": "",
                "path": "",
                "type": "NO_ARTIFACTS"
              }
            ],
            "badge_enabled": false,
            "badge_url": "",
            "build_batch_config": [],
            "build_timeout": 60,
            "cache": [
              {
                "location": "",
                "modes": [],
                "type": "NO_CACHE"
              }
            ],
            "concurrent_build_limit": 0,
            "description": "",
            "encryption_key": "arn:aws:kms:us-east-1:595802027059:alias/aws/s3",
            "environment": [
              {
                "certificate": "",
                "compute_type": "BUILD_GENERAL1_SMALL",
                "environment_variable": [
                  {
                    "name": "ECR_REPOSITORY",
                    "type": "PLAINTEXT",
                    "value": "595802027059.dkr.ecr.us-east-1.amazonaws.com/backend-api"
                  },
                  {
                    "name": "LAMBDA_FUNCTION_NAME",
                    "type": "PLAINTEXT",
                    "value": "backend-api"
                  }
                ],
                "image": "aws/codebuild/amazonlinux2-x86_64-standard:3.0",
                "image_pull_credentials_type": "CODEBUILD",
                "privileged_mode": true,
                "registry_credential": [],
                "type": "LINUX_CONTAINER"
              }
            ],
            "file_system_locations": [],
            "id": "arn:aws:codebuild:us-east-1:595802027059:project/deploy-lambda-function",
            "logs_config": [
              {
                "cloudwatch_logs": [
                  {
                    "group_name": "",
                    "status": "ENABLED",
                    "stream_name": ""
                  }
                ],
                "s3_logs": [
                  {
                    "bucket_owner_access": "",
                    "encryption_disabled": false,
                    "location": "",
                    "status": "DISABLED"
                  }
                ]
              }
            ],
            "name": "deploy-lambda-function",
            "project_visibility": "PRIVATE",
            "public_project_alias": "",
            "queued_timeout": 480,
            "resource_access_role": "",
            "secondary_artifacts": [],
            "secondary_source_version": [],
            "secondary_sources": [],
            "service_role": "arn:aws:iam::595802027059:role/deploy-lambda-role",
            "source": [
              {
                "auth": [],
                "build_status_config": [],
                "buildspec": "version: 0.2\nphases: \n  build:\n    commands:\n    - echo \"Updating Lambda function to use the latest Docker image version\"\n    - aws lambda update-function-code --function-name $LAMBDA_FUNCTION_NAME --image-uri $ECR_REPOSITORY:latest",
                "git_clone_depth": 0,
                "git_submodules_config": [],
                "insecure_ssl": false,
                "location": "",
                "report_build_status": false,
                "type": "NO_SOURCE"
              }
            ],
            "source_version": "",
            "tags": null,
            "tags_all": {},
            "vpc_config": []
          },
          "sensitive_attributes": [],
          "private": "bnVsbA==",
          "dependencies": [
            "aws_codebuild_project.build-docker-image",
            "aws_codecommit_repository.code",
            "aws_ecr_repository.app",
            "aws_iam_access_key.developer",
            "aws_iam_role.build-docker-image",
            "aws_iam_role.deploy-lambda",
            "aws_iam_role_policy.build-docker-image",
            "aws_iam_user.developer",
            "aws_s3_bucket.codepipeline_bucket",
            "module.lambda_function_container_image.aws_cloudwatch_log_group.lambda",
            "module.lambda_function_container_image.aws_iam_policy.logs",
            "module.lambda_function_container_image.aws_iam_role.lambda",
            "module.lambda_function_container_image.aws_iam_role_policy_attachment.additional_inline",
            "module.lambda_function_container_image.aws_iam_role_policy_attachment.additional_json",
            "module.lambda_function_container_image.aws_iam_role_policy_attachment.additional_jsons",
            "module.lambda_function_container_image.aws_iam_role_policy_attachment.additional_many",
            "module.lambda_function_container_image.aws_iam_role_policy_attachment.additional_one",
            "module.lambda_function_container_image.aws_iam_role_policy_attachment.async",
            "module.lambda_function_container_image.aws_iam_role_policy_attachment.dead_letter",
            "module.lambda_function_container_image.aws_iam_role_policy_attachment.logs",
            "module.lambda_function_container_image.aws_iam_role_policy_attachment.tracing",
            "module.lambda_function_container_image.aws_iam_role_policy_attachment.vpc",
            "module.lambda_function_container_image.aws_lambda_function.this",
            "module.lambda_function_container_image.aws_s3_object.lambda_package",
            "module.lambda_function_container_image.data.aws_arn.log_group_arn",
            "module.lambda_function_container_image.data.aws_cloudwatch_log_group.lambda",
            "module.lambda_function_container_image.data.aws_iam_policy_document.assume_role",
            "module.lambda_function_container_image.data.aws_iam_policy_document.logs",
            "module.lambda_function_container_image.data.external.archive_prepare",
            "module.lambda_function_container_image.null_resource.archive",
            "null_resource.upload_files"
          ]
        }
      ]
    },
    {
      "mode": "managed",
      "type": "aws_codebuild_project",
      "name": "simulate-user-activity",
      "provider": "provider[\"registry.terraform.io/hashicorp/aws\"]",
      "instances": [
        {
          "schema_version": 0,
          "attributes": {
            "arn": "arn:aws:codebuild:us-east-1:595802027059:project/OUTOFSCOPE_simulate-user-activity",
            "artifacts": [
              {
                "artifact_identifier": "",
                "bucket_owner_access": "",
                "encryption_disabled": false,
                "location": "",
                "name": "",
                "namespace_type": "",
                "override_artifact_name": false,
                "packaging": "",
                "path": "",
                "type": "NO_ARTIFACTS"
              }
            ],
            "badge_enabled": false,
            "badge_url": "",
            "build_batch_config": [],
            "build_timeout": 60,
            "cache": [
              {
                "location": "",
                "modes": [],
                "type": "NO_CACHE"
              }
            ],
            "concurrent_build_limit": 0,
            "description": "",
            "encryption_key": "arn:aws:kms:us-east-1:595802027059:alias/aws/s3",
            "environment": [
              {
                "certificate": "",
                "compute_type": "BUILD_GENERAL1_SMALL",
                "environment_variable": [
                  {
                    "name": "SECRET_FLAG",
                    "type": "PLAINTEXT",
                    "value": "RkxBR3tTdXBwbHlDaDQhblMzY3VyaXR5TTR0dDNyNSJ9"
                  },
                  {
                    "name": "API_URL",
                    "type": "PLAINTEXT",
                    "value": "https://ir6i5i53fh.execute-api.us-east-1.amazonaws.com/prod"
                  }
                ],
                "image": "aws/codebuild/amazonlinux2-x86_64-standard:3.0",
                "image_pull_credentials_type": "CODEBUILD",
                "privileged_mode": false,
                "registry_credential": [],
                "type": "LINUX_CONTAINER"
              }
            ],
            "file_system_locations": [],
            "id": "arn:aws:codebuild:us-east-1:595802027059:project/OUTOFSCOPE_simulate-user-activity",
            "logs_config": [
              {
                "cloudwatch_logs": [
                  {
                    "group_name": "",
                    "status": "ENABLED",
                    "stream_name": ""
                  }
                ],
                "s3_logs": [
                  {
                    "bucket_owner_access": "",
                    "encryption_disabled": false,
                    "location": "",
                    "status": "DISABLED"
                  }
                ]
              }
            ],
            "name": "OUTOFSCOPE_simulate-user-activity",
            "project_visibility": "PRIVATE",
            "public_project_alias": "",
            "queued_timeout": 480,
            "resource_access_role": "",
            "secondary_artifacts": [],
            "secondary_source_version": [],
            "secondary_sources": [],
            "service_role": "arn:aws:iam::595802027059:role/simulate-user-activity-role",
            "source": [
              {
                "auth": [],
                "build_status_config": [],
                "buildspec": "version: 0.2\nphases: \n  build:\n    commands:\n    - secret=$(echo $SECRET_FLAG | base64 -d)\n    - \u003e\n      curl $API_URL/hello -XPOST -H \"Content-Type: text/html\" -d\"superSecretData=$secret\"",
                "git_clone_depth": 0,
                "git_submodules_config": [],
                "insecure_ssl": false,
                "location": "",
                "report_build_status": false,
                "type": "NO_SOURCE"
              }
            ],
            "source_version": "",
            "tags": null,
            "tags_all": {},
            "vpc_config": []
          },
          "sensitive_attributes": [],
          "private": "bnVsbA==",
          "dependencies": [
            "aws_apigatewayv2_api.apigw",
            "aws_apigatewayv2_deployment.example",
            "aws_apigatewayv2_integration.lambda",
            "aws_apigatewayv2_route.main_route",
            "aws_apigatewayv2_stage.prod",
            "aws_codebuild_project.build-docker-image",
            "aws_codecommit_repository.code",
            "aws_ecr_repository.app",
            "aws_iam_access_key.developer",
            "aws_iam_role.build-docker-image",
            "aws_iam_role.simulate-user-activity",
            "aws_iam_role_policy.build-docker-image",
            "aws_iam_user.developer",
            "aws_s3_bucket.codepipeline_bucket",
            "module.lambda_function_container_image.aws_cloudwatch_log_group.lambda",
            "module.lambda_function_container_image.aws_iam_policy.logs",
            "module.lambda_function_container_image.aws_iam_role.lambda",
            "module.lambda_function_container_image.aws_iam_role_policy_attachment.additional_inline",
            "module.lambda_function_container_image.aws_iam_role_policy_attachment.additional_json",
            "module.lambda_function_container_image.aws_iam_role_policy_attachment.additional_jsons",
            "module.lambda_function_container_image.aws_iam_role_policy_attachment.additional_many",
            "module.lambda_function_container_image.aws_iam_role_policy_attachment.additional_one",
            "module.lambda_function_container_image.aws_iam_role_policy_attachment.async",
            "module.lambda_function_container_image.aws_iam_role_policy_attachment.dead_letter",
            "module.lambda_function_container_image.aws_iam_role_policy_attachment.logs",
            "module.lambda_function_container_image.aws_iam_role_policy_attachment.tracing",
            "module.lambda_function_container_image.aws_iam_role_policy_attachment.vpc",
            "module.lambda_function_container_image.aws_lambda_function.this",
            "module.lambda_function_container_image.aws_s3_object.lambda_package",
            "module.lambda_function_container_image.data.aws_arn.log_group_arn",
            "module.lambda_function_container_image.data.aws_cloudwatch_log_group.lambda",
            "module.lambda_function_container_image.data.aws_iam_policy_document.assume_role",
            "module.lambda_function_container_image.data.aws_iam_policy_document.logs",
            "module.lambda_function_container_image.data.external.archive_prepare",
            "module.lambda_function_container_image.null_resource.archive",
            "null_resource.upload_files"
          ]
        }
      ]
    },
    {
      "mode": "managed",
      "type": "aws_codecommit_repository",
      "name": "code",
      "provider": "provider[\"registry.terraform.io/hashicorp/aws\"]",
      "instances": [
        {
          "schema_version": 0,
          "attributes": {
            "arn": "arn:aws:codecommit:us-east-1:595802027059:backend-api",
            "clone_url_http": "https://git-codecommit.us-east-1.amazonaws.com/v1/repos/backend-api",
            "clone_url_ssh": "ssh://git-codecommit.us-east-1.amazonaws.com/v1/repos/backend-api",
            "default_branch": null,
            "description": "",
            "id": "backend-api",
            "repository_id": "71e9cd84-d3dc-4b4f-a4c9-5182721205bf",
            "repository_name": "backend-api",
            "tags": null,
            "tags_all": {}
          },
          "sensitive_attributes": [],
          "private": "bnVsbA==",
          "create_before_destroy": true
        }
      ]
    },
    {
      "mode": "managed",
      "type": "aws_codepipeline",
      "name": "codepipeline",
      "provider": "provider[\"registry.terraform.io/hashicorp/aws\"]",
      "instances": [
        {
          "schema_version": 0,
          "attributes": {
            "arn": "arn:aws:codepipeline:us-east-1:595802027059:deployment-pipeline",
            "artifact_store": [
              {
                "encryption_key": [],
                "location": "codepipeline-bucket-cicd-cgido5skgsdbrs",
                "region": "",
                "type": "S3"
              }
            ],
            "id": "deployment-pipeline",
            "name": "deployment-pipeline",
            "role_arn": "arn:aws:iam::595802027059:role/codepipeline-role",
            "stage": [
              {
                "action": [
                  {
                    "category": "Source",
                    "configuration": {
                      "BranchName": "master",
                      "PollForSourceChanges": "true",
                      "RepositoryName": "backend-api"
                    },
                    "input_artifacts": null,
                    "name": "Source",
                    "namespace": "",
                    "output_artifacts": [
                      "source_output"
                    ],
                    "owner": "AWS",
                    "provider": "CodeCommit",
                    "region": "",
                    "role_arn": "",
                    "run_order": 1,
                    "version": "1"
                  }
                ],
                "name": "Source"
              },
              {
                "action": [
                  {
                    "category": "Build",
                    "configuration": {
                      "ProjectName": "build-docker-image"
                    },
                    "input_artifacts": [
                      "source_output"
                    ],
                    "name": "Build",
                    "namespace": "",
                    "output_artifacts": [
                      "build_output"
                    ],
                    "owner": "AWS",
                    "provider": "CodeBuild",
                    "region": "",
                    "role_arn": "",
                    "run_order": 1,
                    "version": "1"
                  }
                ],
                "name": "Build"
              },
              {
                "action": [
                  {
                    "category": "Build",
                    "configuration": {
                      "ProjectName": "deploy-lambda-function"
                    },
                    "input_artifacts": [
                      "source_output"
                    ],
                    "name": "Deploy",
                    "namespace": "",
                    "output_artifacts": null,
                    "owner": "AWS",
                    "provider": "CodeBuild",
                    "region": "",
                    "role_arn": "",
                    "run_order": 1,
                    "version": "1"
                  }
                ],
                "name": "Deploy"
              }
            ],
            "tags": null,
            "tags_all": {}
          },
          "sensitive_attributes": [],
          "private": "bnVsbA==",
          "dependencies": [
            "aws_codebuild_project.build-docker-image",
            "aws_codebuild_project.deploy-lambda",
            "aws_codecommit_repository.code",
            "aws_ecr_repository.app",
            "aws_iam_access_key.developer",
            "aws_iam_role.build-docker-image",
            "aws_iam_role.codepipeline",
            "aws_iam_role.deploy-lambda",
            "aws_iam_role_policy.build-docker-image",
            "aws_iam_user.developer",
            "aws_s3_bucket.codepipeline_bucket",
            "module.lambda_function_container_image.aws_cloudwatch_log_group.lambda",
            "module.lambda_function_container_image.aws_iam_policy.logs",
            "module.lambda_function_container_image.aws_iam_role.lambda",
            "module.lambda_function_container_image.aws_iam_role_policy_attachment.additional_inline",
            "module.lambda_function_container_image.aws_iam_role_policy_attachment.additional_json",
            "module.lambda_function_container_image.aws_iam_role_policy_attachment.additional_jsons",
            "module.lambda_function_container_image.aws_iam_role_policy_attachment.additional_many",
            "module.lambda_function_container_image.aws_iam_role_policy_attachment.additional_one",
            "module.lambda_function_container_image.aws_iam_role_policy_attachment.async",
            "module.lambda_function_container_image.aws_iam_role_policy_attachment.dead_letter",
            "module.lambda_function_container_image.aws_iam_role_policy_attachment.logs",
            "module.lambda_function_container_image.aws_iam_role_policy_attachment.tracing",
            "module.lambda_function_container_image.aws_iam_role_policy_attachment.vpc",
            "module.lambda_function_container_image.aws_lambda_function.this",
            "module.lambda_function_container_image.aws_s3_object.lambda_package",
            "module.lambda_function_container_image.data.aws_arn.log_group_arn",
            "module.lambda_function_container_image.data.aws_cloudwatch_log_group.lambda",
            "module.lambda_function_container_image.data.aws_iam_policy_document.assume_role",
            "module.lambda_function_container_image.data.aws_iam_policy_document.logs",
            "module.lambda_function_container_image.data.external.archive_prepare",
            "module.lambda_function_container_image.null_resource.archive",
            "null_resource.upload_files"
          ]
        }
      ]
    },
    {
      "mode": "managed",
      "type": "aws_ecr_repository",
      "name": "app",
      "provider": "provider[\"registry.terraform.io/hashicorp/aws\"]",
      "instances": [
        {
          "schema_version": 0,
          "attributes": {
            "arn": "arn:aws:ecr:us-east-1:595802027059:repository/backend-api",
            "encryption_configuration": [
              {
                "encryption_type": "AES256",
                "kms_key": ""
              }
            ],
            "force_delete": null,
            "id": "backend-api",
            "image_scanning_configuration": [
              {
                "scan_on_push": false
              }
            ],
            "image_tag_mutability": "MUTABLE",
            "name": "backend-api",
            "registry_id": "595802027059",
            "repository_url": "595802027059.dkr.ecr.us-east-1.amazonaws.com/backend-api",
            "tags": null,
            "tags_all": {},
            "timeouts": null
          },
          "sensitive_attributes": [],
          "private": "eyJlMmJmYjczMC1lY2FhLTExZTYtOGY4OC0zNDM2M2JjN2M0YzAiOnsiZGVsZXRlIjoxMjAwMDAwMDAwMDAwfX0=",
          "create_before_destroy": true
        }
      ]
    },
    {
      "mode": "managed",
      "type": "aws_iam_access_key",
      "name": "developer",
      "provider": "provider[\"registry.terraform.io/hashicorp/aws\"]",
      "instances": [
        {
          "schema_version": 0,
          "attributes": {
            "create_date": "2022-09-15T10:12:38Z",
            "encrypted_secret": null,
            "encrypted_ses_smtp_password_v4": null,
            "id": "AKIAYVOEROQZVHKRE6JB",
            "key_fingerprint": null,
            "pgp_key": null,
            "secret": "AcfaOqDIi8DryA6m8f5CaOG971UL4eyhNBaoWulr",
            "ses_smtp_password_v4": "BLFX4RTWTgCaXEfPyMb8eSnYiSS15a++klc/kLMaXZMm",
            "status": "Active",
            "user": "developer"
          },
          "sensitive_attributes": [],
          "private": "bnVsbA==",
          "dependencies": [
            "aws_iam_user.developer"
          ],
          "create_before_destroy": true
        }
      ]
    },
    {
      "mode": "managed",
      "type": "aws_iam_access_key",
      "name": "initial",
      "provider": "provider[\"registry.terraform.io/hashicorp/aws\"]",
      "instances": [
        {
          "schema_version": 0,
          "attributes": {
            "create_date": "2022-09-15T10:12:38Z",
            "encrypted_secret": null,
            "encrypted_ses_smtp_password_v4": null,
            "id": "AKIAYVOEROQZ3B5BZQHB",
            "key_fingerprint": null,
            "pgp_key": null,
            "secret": "ltqCwAVWCFtGeAShobtF7GOHwx71idbQ9Da6HLVu",
            "ses_smtp_password_v4": "BM9ncNLRiOMPsHcAKmzPC+fMOTB4uDGcRMeg0jzak//r",
            "status": "Active",
            "user": "ec2-sandbox-manager"
          },
          "sensitive_attributes": [],
          "private": "bnVsbA==",
          "dependencies": [
            "aws_iam_user.initial"
          ]
        }
      ]
    },
    {
      "mode": "managed",
      "type": "aws_iam_instance_profile",
      "name": "dev",
      "provider": "provider[\"registry.terraform.io/hashicorp/aws\"]",
      "instances": [
        {
          "schema_version": 0,
          "attributes": {
            "arn": "arn:aws:iam::595802027059:instance-profile/dev-instance-profile",
            "create_date": "2022-09-15T10:12:38Z",
            "id": "dev-instance-profile",
            "name": "dev-instance-profile",
            "name_prefix": null,
            "path": "/",
            "role": "dev-instance-role",
            "tags": null,
            "tags_all": {},
            "unique_id": "AIPAYVOEROQZ7EJYTYATN"
          },
          "sensitive_attributes": [],
          "private": "bnVsbA==",
          "dependencies": [
            "aws_iam_role.dev-instance"
          ]
        }
      ]
    },
    {
      "mode": "managed",
      "type": "aws_iam_role",
      "name": "build-docker-image",
      "provider": "provider[\"registry.terraform.io/hashicorp/aws\"]",
      "instances": [
        {
          "schema_version": 0,
          "attributes": {
            "arn": "arn:aws:iam::595802027059:role/build-docker-image-role",
            "assume_role_policy": "{\"Statement\":[{\"Action\":\"sts:AssumeRole\",\"Effect\":\"Allow\",\"Principal\":{\"Service\":\"codebuild.amazonaws.com\"}}],\"Version\":\"2012-10-17\"}",
            "create_date": "2022-09-15T10:12:37Z",
            "description": "",
            "force_detach_policies": false,
            "id": "build-docker-image-role",
            "inline_policy": [],
            "managed_policy_arns": [],
            "max_session_duration": 3600,
            "name": "build-docker-image-role",
            "name_prefix": "",
            "path": "/",
            "permissions_boundary": null,
            "tags": null,
            "tags_all": {},
            "unique_id": "AROAYVOEROQZ2ZWVKA5WM"
          },
          "sensitive_attributes": [],
          "private": "bnVsbA==",
          "create_before_destroy": true
        }
      ]
    },
    {
      "mode": "managed",
      "type": "aws_iam_role",
      "name": "codepipeline",
      "provider": "provider[\"registry.terraform.io/hashicorp/aws\"]",
      "instances": [
        {
          "schema_version": 0,
          "attributes": {
            "arn": "arn:aws:iam::595802027059:role/codepipeline-role",
            "assume_role_policy": "{\"Statement\":[{\"Action\":\"sts:AssumeRole\",\"Effect\":\"Allow\",\"Principal\":{\"Service\":\"codepipeline.amazonaws.com\"}}],\"Version\":\"2012-10-17\"}",
            "create_date": "2022-09-15T10:12:38Z",
            "description": "",
            "force_detach_policies": false,
            "id": "codepipeline-role",
            "inline_policy": [],
            "managed_policy_arns": [],
            "max_session_duration": 3600,
            "name": "codepipeline-role",
            "name_prefix": "",
            "path": "/",
            "permissions_boundary": null,
            "tags": null,
            "tags_all": {},
            "unique_id": "AROAYVOEROQZV57BW42H6"
          },
          "sensitive_attributes": [],
          "private": "bnVsbA=="
        }
      ]
    },
    {
      "mode": "managed",
      "type": "aws_iam_role",
      "name": "deploy-lambda",
      "provider": "provider[\"registry.terraform.io/hashicorp/aws\"]",
      "instances": [
        {
          "schema_version": 0,
          "attributes": {
            "arn": "arn:aws:iam::595802027059:role/deploy-lambda-role",
            "assume_role_policy": "{\"Statement\":[{\"Action\":\"sts:AssumeRole\",\"Effect\":\"Allow\",\"Principal\":{\"Service\":\"codebuild.amazonaws.com\"}}],\"Version\":\"2012-10-17\"}",
            "create_date": "2022-09-15T10:12:38Z",
            "description": "",
            "force_detach_policies": false,
            "id": "deploy-lambda-role",
            "inline_policy": [],
            "managed_policy_arns": [],
            "max_session_duration": 3600,
            "name": "deploy-lambda-role",
            "name_prefix": "",
            "path": "/",
            "permissions_boundary": null,
            "tags": null,
            "tags_all": {},
            "unique_id": "AROAYVOEROQZR3Y3VY44I"
          },
          "sensitive_attributes": [],
          "private": "bnVsbA=="
        }
      ]
    },
    {
      "mode": "managed",
      "type": "aws_iam_role",
      "name": "dev-instance",
      "provider": "provider[\"registry.terraform.io/hashicorp/aws\"]",
      "instances": [
        {
          "schema_version": 0,
          "attributes": {
            "arn": "arn:aws:iam::595802027059:role/dev-instance-role",
            "assume_role_policy": "{\"Statement\":[{\"Action\":\"sts:AssumeRole\",\"Effect\":\"Allow\",\"Principal\":{\"Service\":\"ec2.amazonaws.com\"},\"Sid\":\"\"}],\"Version\":\"2012-10-17\"}",
            "create_date": "2022-09-15T10:12:37Z",
            "description": "",
            "force_detach_policies": false,
            "id": "dev-instance-role",
            "inline_policy": [],
            "managed_policy_arns": [],
            "max_session_duration": 3600,
            "name": "dev-instance-role",
            "name_prefix": "",
            "path": "/",
            "permissions_boundary": null,
            "tags": null,
            "tags_all": {},
            "unique_id": "AROAYVOEROQZXTDQAY4QJ"
          },
          "sensitive_attributes": [],
          "private": "bnVsbA=="
        }
      ]
    },
    {
      "mode": "managed",
      "type": "aws_iam_role",
      "name": "simulate-user-activity",
      "provider": "provider[\"registry.terraform.io/hashicorp/aws\"]",
      "instances": [
        {
          "schema_version": 0,
          "attributes": {
            "arn": "arn:aws:iam::595802027059:role/simulate-user-activity-role",
            "assume_role_policy": "{\"Statement\":[{\"Action\":\"sts:AssumeRole\",\"Effect\":\"Allow\",\"Principal\":{\"Service\":\"codebuild.amazonaws.com\"}}],\"Version\":\"2012-10-17\"}",
            "create_date": "2022-09-15T10:12:37Z",
            "description": "",
            "force_detach_policies": false,
            "id": "simulate-user-activity-role",
            "inline_policy": [],
            "managed_policy_arns": [],
            "max_session_duration": 3600,
            "name": "simulate-user-activity-role",
            "name_prefix": "",
            "path": "/",
            "permissions_boundary": null,
            "tags": null,
            "tags_all": {},
            "unique_id": "AROAYVOEROQZ7FSHUPT3D"
          },
          "sensitive_attributes": [],
          "private": "bnVsbA=="
        }
      ]
    },
    {
      "mode": "managed",
      "type": "aws_iam_role",
      "name": "simulate-user-activity-scheduling",
      "provider": "provider[\"registry.terraform.io/hashicorp/aws\"]",
      "instances": [
        {
          "schema_version": 0,
          "attributes": {
            "arn": "arn:aws:iam::595802027059:role/simulate-user-activity-scheduling-role",
            "assume_role_policy": "{\"Statement\":[{\"Action\":\"sts:AssumeRole\",\"Effect\":\"Allow\",\"Principal\":{\"Service\":\"events.amazonaws.com\"}}],\"Version\":\"2012-10-17\"}",
            "create_date": "2022-09-15T10:12:37Z",
            "description": "",
            "force_detach_policies": false,
            "id": "simulate-user-activity-scheduling-role",
            "inline_policy": [],
            "managed_policy_arns": [],
            "max_session_duration": 3600,
            "name": "simulate-user-activity-scheduling-role",
            "name_prefix": "",
            "path": "/",
            "permissions_boundary": null,
            "tags": null,
            "tags_all": {},
            "unique_id": "AROAYVOEROQZ32SEGJGJI"
          },
          "sensitive_attributes": [],
          "private": "bnVsbA=="
        }
      ]
    },
    {
      "mode": "managed",
      "type": "aws_iam_role_policy",
      "name": "build-docker-image",
      "provider": "provider[\"registry.terraform.io/hashicorp/aws\"]",
      "instances": [
        {
          "schema_version": 0,
          "attributes": {
            "id": "build-docker-image-role:terraform-20220915101239375300000003",
            "name": "terraform-20220915101239375300000003",
            "name_prefix": null,
            "policy": "{\n  \"Version\": \"2012-10-17\",\n  \"Statement\": [\n    {\n      \"Effect\": \"Allow\",\n      \"Resource\": [\n          \"arn:aws:codecommit:us-east-1:595802027059:backend-api\"\n      ],\n      \"Action\": [\n          \"codecommit:GitPull\"\n      ]\n    },\n    {\n      \"Effect\": \"Allow\",\n      \"Resource\": [\n        \"*\"\n      ],\n      \"Action\": [\n        \"logs:CreateLogGroup\",\n        \"logs:CreateLogStream\",\n        \"logs:PutLogEvents\"\n      ]\n    },\n        {\n      \"Effect\": \"Allow\",\n      \"Resource\": [\n        \"arn:aws:ecr:us-east-1:595802027059:repository/backend-api\"\n      ],\n      \"Action\": [\n        \"ecr:BatchGetImage\",\n        \"ecr:BatchCheckLayerAvailability\",\n        \"ecr:CompleteLayerUpload\",\n        \"ecr:GetDownloadUrlForLayer\",\n        \"ecr:InitiateLayerUpload\",\n        \"ecr:PutImage\",\n        \"ecr:UploadLayerPart\"\n      ]\n    },\n    {\n      \"Effect\": \"Allow\",\n      \"Action\": \"ecr:GetAuthorizationToken\",\n      \"Resource\": \"*\"\n    },\n    {\n      \"Effect\":\"Allow\",\n      \"Action\": [\n        \"s3:GetObject\",\n        \"s3:GetObjectVersion\",\n        \"s3:GetBucketVersioning\",\n        \"s3:PutObjectAcl\",\n        \"s3:PutObject\"\n      ],\n      \"Resource\": [\n        \"arn:aws:s3:::codepipeline-bucket-cicd-cgido5skgsdbrs\",\n        \"arn:aws:s3:::codepipeline-bucket-cicd-cgido5skgsdbrs/*\"\n      ]\n    },\n    {\n      \"Effect\": \"Allow\",\n      \"Action\": [\n        \"codebuild:BatchGetBuilds\",\n        \"codebuild:StartBuild\"\n      ],\n      \"Resource\": \"*\"\n    }\n  ]\n}\n",
            "role": "build-docker-image-role"
          },
          "sensitive_attributes": [],
          "private": "bnVsbA==",
          "dependencies": [
            "aws_codecommit_repository.code",
            "aws_ecr_repository.app",
            "aws_iam_role.build-docker-image",
            "aws_s3_bucket.codepipeline_bucket"
          ],
          "create_before_destroy": true
        }
      ]
    },
    {
      "mode": "managed",
      "type": "aws_iam_role_policy",
      "name": "codepipeline",
      "provider": "provider[\"registry.terraform.io/hashicorp/aws\"]",
      "instances": [
        {
          "schema_version": 0,
          "attributes": {
            "id": "codepipeline-role:terraform-20220915101554993500000006",
            "name": "terraform-20220915101554993500000006",
            "name_prefix": null,
            "policy": "{\n  \"Version\": \"2012-10-17\",\n  \"Statement\": [\n    {\n      \"Effect\": \"Allow\",\n      \"Resource\": [\n          \"*\" \n      ],\n      \"Action\": [\n          \"codecommit:*\"\n      ]\n    },\n    {\n      \"Effect\":\"Allow\",\n      \"Action\": [\n        \"s3:GetObject\",\n        \"s3:GetObjectVersion\",\n        \"s3:GetBucketVersioning\",\n        \"s3:PutObjectAcl\",\n        \"s3:PutObject\"\n      ],\n      \"Resource\": [\n        \"arn:aws:s3:::codepipeline-bucket-cicd-cgido5skgsdbrs\",\n        \"arn:aws:s3:::codepipeline-bucket-cicd-cgido5skgsdbrs/*\"\n      ]\n    },\n    {\n      \"Effect\": \"Allow\",\n      \"Action\": [\n        \"codebuild:BatchGetBuilds\",\n        \"codebuild:StartBuild\"\n      ],\n      \"Resource\": [\n        \"arn:aws:codebuild:us-east-1:595802027059:project/build-docker-image\",\n        \"arn:aws:codebuild:us-east-1:595802027059:project/deploy-lambda-function\"\n      ] \n    }\n  ]\n}\n",
            "role": "codepipeline-role"
          },
          "sensitive_attributes": [],
          "private": "bnVsbA==",
          "dependencies": [
            "aws_codebuild_project.build-docker-image",
            "aws_codebuild_project.deploy-lambda",
            "aws_codecommit_repository.code",
            "aws_ecr_repository.app",
            "aws_iam_access_key.developer",
            "aws_iam_role.build-docker-image",
            "aws_iam_role.codepipeline",
            "aws_iam_role.deploy-lambda",
            "aws_iam_role_policy.build-docker-image",
            "aws_iam_user.developer",
            "aws_s3_bucket.codepipeline_bucket",
            "module.lambda_function_container_image.aws_cloudwatch_log_group.lambda",
            "module.lambda_function_container_image.aws_iam_policy.logs",
            "module.lambda_function_container_image.aws_iam_role.lambda",
            "module.lambda_function_container_image.aws_iam_role_policy_attachment.additional_inline",
            "module.lambda_function_container_image.aws_iam_role_policy_attachment.additional_json",
            "module.lambda_function_container_image.aws_iam_role_policy_attachment.additional_jsons",
            "module.lambda_function_container_image.aws_iam_role_policy_attachment.additional_many",
            "module.lambda_function_container_image.aws_iam_role_policy_attachment.additional_one",
            "module.lambda_function_container_image.aws_iam_role_policy_attachment.async",
            "module.lambda_function_container_image.aws_iam_role_policy_attachment.dead_letter",
            "module.lambda_function_container_image.aws_iam_role_policy_attachment.logs",
            "module.lambda_function_container_image.aws_iam_role_policy_attachment.tracing",
            "module.lambda_function_container_image.aws_iam_role_policy_attachment.vpc",
            "module.lambda_function_container_image.aws_lambda_function.this",
            "module.lambda_function_container_image.aws_s3_object.lambda_package",
            "module.lambda_function_container_image.data.aws_arn.log_group_arn",
            "module.lambda_function_container_image.data.aws_cloudwatch_log_group.lambda",
            "module.lambda_function_container_image.data.aws_iam_policy_document.assume_role",
            "module.lambda_function_container_image.data.aws_iam_policy_document.logs",
            "module.lambda_function_container_image.data.external.archive_prepare",
            "module.lambda_function_container_image.null_resource.archive",
            "null_resource.upload_files"
          ]
        }
      ]
    },
    {
      "mode": "managed",
      "type": "aws_iam_role_policy",
      "name": "deploy-lambda",
      "provider": "provider[\"registry.terraform.io/hashicorp/aws\"]",
      "instances": [
        {
          "schema_version": 0,
          "attributes": {
            "id": "deploy-lambda-role:terraform-20220915101551444100000005",
            "name": "terraform-20220915101551444100000005",
            "name_prefix": null,
            "policy": "{\n  \"Version\": \"2012-10-17\",\n  \"Statement\": [\n    {\n      \"Effect\": \"Allow\",\n      \"Resource\": [\n        \"*\"\n      ],\n      \"Action\": [\n        \"logs:CreateLogGroup\",\n        \"logs:CreateLogStream\",\n        \"logs:PutLogEvents\"\n      ]\n    },\n    {\n      \"Effect\":\"Allow\",\n      \"Action\": [\n        \"s3:GetObject\",\n        \"s3:GetObjectVersion\",\n        \"s3:GetBucketVersioning\",\n        \"s3:PutObjectAcl\",\n        \"s3:PutObject\"\n      ],\n      \"Resource\": [\n        \"arn:aws:s3:::codepipeline-bucket-cicd-cgido5skgsdbrs\",\n        \"arn:aws:s3:::codepipeline-bucket-cicd-cgido5skgsdbrs/*\"\n      ]\n    },\n    {\n      \"Effect\": \"Allow\",\n      \"Action\": [\n        \"lambda:UpdateFunctionCode\"\n      ],\n      \"Resource\": [\n          \"arn:aws:lambda:us-east-1:595802027059:function:backend-api\"\n      ]\n    }\n  ]\n}\n",
            "role": "deploy-lambda-role"
          },
          "sensitive_attributes": [],
          "private": "bnVsbA==",
          "dependencies": [
            "aws_codebuild_project.build-docker-image",
            "aws_codecommit_repository.code",
            "aws_ecr_repository.app",
            "aws_iam_access_key.developer",
            "aws_iam_role.build-docker-image",
            "aws_iam_role.deploy-lambda",
            "aws_iam_role_policy.build-docker-image",
            "aws_iam_user.developer",
            "aws_s3_bucket.codepipeline_bucket",
            "module.lambda_function_container_image.aws_cloudwatch_log_group.lambda",
            "module.lambda_function_container_image.aws_iam_policy.logs",
            "module.lambda_function_container_image.aws_iam_role.lambda",
            "module.lambda_function_container_image.aws_iam_role_policy_attachment.additional_inline",
            "module.lambda_function_container_image.aws_iam_role_policy_attachment.additional_json",
            "module.lambda_function_container_image.aws_iam_role_policy_attachment.additional_jsons",
            "module.lambda_function_container_image.aws_iam_role_policy_attachment.additional_many",
            "module.lambda_function_container_image.aws_iam_role_policy_attachment.additional_one",
            "module.lambda_function_container_image.aws_iam_role_policy_attachment.async",
            "module.lambda_function_container_image.aws_iam_role_policy_attachment.dead_letter",
            "module.lambda_function_container_image.aws_iam_role_policy_attachment.logs",
            "module.lambda_function_container_image.aws_iam_role_policy_attachment.tracing",
            "module.lambda_function_container_image.aws_iam_role_policy_attachment.vpc",
            "module.lambda_function_container_image.aws_lambda_function.this",
            "module.lambda_function_container_image.aws_s3_object.lambda_package",
            "module.lambda_function_container_image.data.aws_arn.log_group_arn",
            "module.lambda_function_container_image.data.aws_cloudwatch_log_group.lambda",
            "module.lambda_function_container_image.data.aws_iam_policy_document.assume_role",
            "module.lambda_function_container_image.data.aws_iam_policy_document.logs",
            "module.lambda_function_container_image.data.external.archive_prepare",
            "module.lambda_function_container_image.null_resource.archive",
            "null_resource.upload_files"
          ]
        }
      ]
    },
    {
      "mode": "managed",
      "type": "aws_iam_role_policy",
      "name": "simulate-user-activity",
      "provider": "provider[\"registry.terraform.io/hashicorp/aws\"]",
      "instances": [
        {
          "schema_version": 0,
          "attributes": {
            "id": "simulate-user-activity-role:terraform-20220915101238843200000002",
            "name": "terraform-20220915101238843200000002",
            "name_prefix": null,
            "policy": "{\n  \"Version\": \"2012-10-17\",\n  \"Statement\": [\n    {\n      \"Effect\": \"Allow\",\n      \"Resource\": [\n        \"*\"\n      ],\n      \"Action\": [\n        \"logs:CreateLogGroup\",\n        \"logs:CreateLogStream\",\n        \"logs:PutLogEvents\"\n      ]\n    }\n  ]\n}\n",
            "role": "simulate-user-activity-role"
          },
          "sensitive_attributes": [],
          "private": "bnVsbA==",
          "dependencies": [
            "aws_iam_role.simulate-user-activity"
          ]
        }
      ]
    },
    {
      "mode": "managed",
      "type": "aws_iam_role_policy",
      "name": "simulate-user-activity-scheduling",
      "provider": "provider[\"registry.terraform.io/hashicorp/aws\"]",
      "instances": [
        {
          "schema_version": 0,
          "attributes": {
            "id": "simulate-user-activity-scheduling-role:terraform-20220915101558843600000007",
            "name": "terraform-20220915101558843600000007",
            "name_prefix": null,
            "policy": "{\n  \"Version\": \"2012-10-17\",\n  \"Statement\": [\n    {\n      \"Effect\": \"Allow\",\n      \"Action\": [\n        \"codebuild:StartBuild\"\n      ],\n      \"Resource\": \"arn:aws:codebuild:us-east-1:595802027059:project/OUTOFSCOPE_simulate-user-activity\"\n    }\n  ]\n}\n",
            "role": "simulate-user-activity-scheduling-role"
          },
          "sensitive_attributes": [],
          "private": "bnVsbA==",
          "dependencies": [
            "aws_apigatewayv2_api.apigw",
            "aws_apigatewayv2_deployment.example",
            "aws_apigatewayv2_integration.lambda",
            "aws_apigatewayv2_route.main_route",
            "aws_apigatewayv2_stage.prod",
            "aws_codebuild_project.build-docker-image",
            "aws_codebuild_project.simulate-user-activity",
            "aws_codecommit_repository.code",
            "aws_ecr_repository.app",
            "aws_iam_access_key.developer",
            "aws_iam_role.build-docker-image",
            "aws_iam_role.simulate-user-activity",
            "aws_iam_role.simulate-user-activity-scheduling",
            "aws_iam_role_policy.build-docker-image",
            "aws_iam_user.developer",
            "aws_s3_bucket.codepipeline_bucket",
            "module.lambda_function_container_image.aws_cloudwatch_log_group.lambda",
            "module.lambda_function_container_image.aws_iam_policy.logs",
            "module.lambda_function_container_image.aws_iam_role.lambda",
            "module.lambda_function_container_image.aws_iam_role_policy_attachment.additional_inline",
            "module.lambda_function_container_image.aws_iam_role_policy_attachment.additional_json",
            "module.lambda_function_container_image.aws_iam_role_policy_attachment.additional_jsons",
            "module.lambda_function_container_image.aws_iam_role_policy_attachment.additional_many",
            "module.lambda_function_container_image.aws_iam_role_policy_attachment.additional_one",
            "module.lambda_function_container_image.aws_iam_role_policy_attachment.async",
            "module.lambda_function_container_image.aws_iam_role_policy_attachment.dead_letter",
            "module.lambda_function_container_image.aws_iam_role_policy_attachment.logs",
            "module.lambda_function_container_image.aws_iam_role_policy_attachment.tracing",
            "module.lambda_function_container_image.aws_iam_role_policy_attachment.vpc",
            "module.lambda_function_container_image.aws_lambda_function.this",
            "module.lambda_function_container_image.aws_s3_object.lambda_package",
            "module.lambda_function_container_image.data.aws_arn.log_group_arn",
            "module.lambda_function_container_image.data.aws_cloudwatch_log_group.lambda",
            "module.lambda_function_container_image.data.aws_iam_policy_document.assume_role",
            "module.lambda_function_container_image.data.aws_iam_policy_document.logs",
            "module.lambda_function_container_image.data.external.archive_prepare",
            "module.lambda_function_container_image.null_resource.archive",
            "null_resource.upload_files"
          ]
        }
      ]
    },
    {
      "mode": "managed",
      "type": "aws_iam_role_policy_attachment",
      "name": "dev-instance-policy",
      "provider": "provider[\"registry.terraform.io/hashicorp/aws\"]",
      "instances": [
        {
          "schema_version": 0,
          "attributes": {
            "id": "dev-instance-role-20220915101238787700000001",
            "policy_arn": "arn:aws:iam::aws:policy/AmazonSSMManagedInstanceCore",
            "role": "dev-instance-role"
          },
          "sensitive_attributes": [],
          "private": "bnVsbA==",
          "dependencies": [
            "aws_iam_role.dev-instance"
          ]
        }
      ]
    },
    {
      "mode": "managed",
      "type": "aws_iam_user",
      "name": "developer",
      "provider": "provider[\"registry.terraform.io/hashicorp/aws\"]",
      "instances": [
        {
          "schema_version": 0,
          "attributes": {
            "arn": "arn:aws:iam::595802027059:user/developer",
            "force_destroy": false,
            "id": "developer",
            "name": "developer",
            "path": "/",
            "permissions_boundary": null,
            "tags": null,
            "tags_all": {},
            "unique_id": "AIDAYVOEROQZQSZ64H7SK"
          },
          "sensitive_attributes": [],
          "private": "bnVsbA==",
          "create_before_destroy": true
        }
      ]
    },
    {
      "mode": "managed",
      "type": "aws_iam_user",
      "name": "initial",
      "provider": "provider[\"registry.terraform.io/hashicorp/aws\"]",
      "instances": [
        {
          "schema_version": 0,
          "attributes": {
            "arn": "arn:aws:iam::595802027059:user/ec2-sandbox-manager",
            "force_destroy": false,
            "id": "ec2-sandbox-manager",
            "name": "ec2-sandbox-manager",
            "path": "/",
            "permissions_boundary": null,
            "tags": null,
            "tags_all": {},
            "unique_id": "AIDAYVOEROQZUXS7WNRVJ"
          },
          "sensitive_attributes": [],
          "private": "bnVsbA=="
        }
      ]
    },
    {
      "mode": "managed",
      "type": "aws_iam_user",
      "name": "readonly_user",
      "provider": "provider[\"registry.terraform.io/hashicorp/aws\"]",
      "instances": [
        {
          "schema_version": 0,
          "attributes": {
            "arn": "arn:aws:iam::595802027059:user/cloner",
            "force_destroy": false,
            "id": "cloner",
            "name": "cloner",
            "path": "/",
            "permissions_boundary": null,
            "tags": null,
            "tags_all": {},
            "unique_id": "AIDAYVOEROQZQPLLGFMBY"
          },
          "sensitive_attributes": [],
          "private": "bnVsbA=="
        }
      ]
    },
    {
      "mode": "managed",
      "type": "aws_iam_user_policy",
      "name": "developer",
      "provider": "provider[\"registry.terraform.io/hashicorp/aws\"]",
      "instances": [
        {
          "schema_version": 0,
          "attributes": {
            "id": "developer:developer-policy",
            "name": "developer-policy",
            "name_prefix": null,
            "policy": "{\n  \"Version\": \"2012-10-17\",\n  \"Statement\": [\n    {\n      \"Effect\": \"Allow\",\n      \"Resource\": \"arn:aws:codecommit:us-east-1:595802027059:backend-api\",\n      \"Action\": [\n          \"codecommit:GitPush\",\n          \"codecommit:GitPull\",\n          \"codecommit:PutFile\"\n      ]\n    },\n    {\n      \"Effect\": \"Allow\",\n      \"Resource\": \"*\",\n      \"Action\": [\n          \"codecommit:Get*\",\n          \"codecommit:List*\",\n          \"codebuild:List*\",\n          \"codebuild:BatchGetProjects\",\n          \"codebuild:BatchGetBuilds\",\n          \"codepipeline:List*\",\n          \"codepipeline:Get*\",\n          \"codedeploy:List*\",\n          \"logs:Get*\",\n          \"logs:Describe*\"\n      ]\n    },\n    {\n      \"Effect\": \"Deny\",\n      \"Resource\": \"arn:aws:codebuild:us-east-1:595802027059:project/OUTOFSCOPE_simulate-user-activity\",\n      \"Action\": [\n          \"*\"\n      ]\n    },\n    {\n      \"Effect\": \"Allow\",\n      \"Sid\": \"AllowConsoleAccess\",\n      \"Resource\": \"arn:aws:sts::595802027059:federated-user/developer\",\n      \"Action\": \"sts:GetFederationToken\"\n    }\n  ]\n}\n",
            "user": "developer"
          },
          "sensitive_attributes": [],
          "private": "bnVsbA==",
          "dependencies": [
            "aws_apigatewayv2_api.apigw",
            "aws_apigatewayv2_deployment.example",
            "aws_apigatewayv2_integration.lambda",
            "aws_apigatewayv2_route.main_route",
            "aws_apigatewayv2_stage.prod",
            "aws_codebuild_project.build-docker-image",
            "aws_codebuild_project.simulate-user-activity",
            "aws_codecommit_repository.code",
            "aws_ecr_repository.app",
            "aws_iam_access_key.developer",
            "aws_iam_role.build-docker-image",
            "aws_iam_role.simulate-user-activity",
            "aws_iam_role_policy.build-docker-image",
            "aws_iam_user.developer",
            "aws_s3_bucket.codepipeline_bucket",
            "data.aws_caller_identity.current",
            "module.lambda_function_container_image.aws_cloudwatch_log_group.lambda",
            "module.lambda_function_container_image.aws_iam_policy.logs",
            "module.lambda_function_container_image.aws_iam_role.lambda",
            "module.lambda_function_container_image.aws_iam_role_policy_attachment.additional_inline",
            "module.lambda_function_container_image.aws_iam_role_policy_attachment.additional_json",
            "module.lambda_function_container_image.aws_iam_role_policy_attachment.additional_jsons",
            "module.lambda_function_container_image.aws_iam_role_policy_attachment.additional_many",
            "module.lambda_function_container_image.aws_iam_role_policy_attachment.additional_one",
            "module.lambda_function_container_image.aws_iam_role_policy_attachment.async",
            "module.lambda_function_container_image.aws_iam_role_policy_attachment.dead_letter",
            "module.lambda_function_container_image.aws_iam_role_policy_attachment.logs",
            "module.lambda_function_container_image.aws_iam_role_policy_attachment.tracing",
            "module.lambda_function_container_image.aws_iam_role_policy_attachment.vpc",
            "module.lambda_function_container_image.aws_lambda_function.this",
            "module.lambda_function_container_image.aws_s3_object.lambda_package",
            "module.lambda_function_container_image.data.aws_arn.log_group_arn",
            "module.lambda_function_container_image.data.aws_cloudwatch_log_group.lambda",
            "module.lambda_function_container_image.data.aws_iam_policy_document.assume_role",
            "module.lambda_function_container_image.data.aws_iam_policy_document.logs",
            "module.lambda_function_container_image.data.external.archive_prepare",
            "module.lambda_function_container_image.null_resource.archive",
            "null_resource.upload_files"
          ]
        }
      ]
    },
    {
      "mode": "managed",
      "type": "aws_iam_user_policy",
      "name": "initial",
      "provider": "provider[\"registry.terraform.io/hashicorp/aws\"]",
      "instances": [
        {
          "schema_version": 0,
          "attributes": {
            "id": "ec2-sandbox-manager:initial-policy",
            "name": "initial-policy",
            "name_prefix": null,
            "policy": "{\n  \"Version\": \"2012-10-17\",\n  \"Statement\": [\n    {\n      \"Effect\": \"Allow\",\n      \"Resource\": \"*\",\n      \"Action\": [\n          \"ec2:CreateTags\",\n          \"ec2:DeleteTags\"\n      ],\n      \"Condition\": {\n        \"StringLike\": {\n          \"ec2:ResourceTag/Environment\": [\n            \"dev\"\n          ]\n        }\n      }\n    },\n    {\n      \"Effect\": \"Allow\",\n      \"Resource\": \"*\",\n      \"Action\": [\n          \"ssm:*\"\n      ],\n      \"Condition\": {\n        \"StringLike\": {\n          \"ssm:ResourceTag/Environment\": [\n            \"sandbox\"\n          ]\n        }\n      }\n    },\n    {\n      \"Effect\": \"Allow\",\n      \"Resource\": \"arn:aws:ssm:*::document/*\",\n      \"Action\": [\n          \"ssm:*\"\n      ]\n    },\n    {\n      \"Effect\": \"Allow\",\n      \"Resource\": \"*\",\n      \"Action\": [\n          \"iam:List*\",\n          \"iam:Describe*\",\n          \"iam:Get*\",\n          \"ec2:Describe*\",\n          \"ec2:List*\",\n          \"ssm:Describe*\",\n          \"ssm:Get*\",\n          \"codecommit:ListRepositories\"\n      ]\n    },\n    {\n      \"Effect\": \"Deny\",\n      \"Resource\": \"*\", \n      \"Action\": \"ec2:DescribeInstanceAttribute\"\n    },\n    {\n      \"Effect\": \"Allow\",\n      \"Sid\": \"AllowConsoleAccess\",\n      \"Resource\": \"arn:aws:sts::595802027059:federated-user/ec2-sandbox-manager\",\n      \"Action\": \"sts:GetFederationToken\"\n    }\n  ]\n}\n",
            "user": "ec2-sandbox-manager"
          },
          "sensitive_attributes": [],
          "private": "bnVsbA==",
          "dependencies": [
            "aws_iam_user.initial",
            "data.aws_caller_identity.current"
          ]
        }
      ]
    },
    {
      "mode": "managed",
      "type": "aws_iam_user_policy",
      "name": "readonly_user",
      "provider": "provider[\"registry.terraform.io/hashicorp/aws\"]",
      "instances": [
        {
          "schema_version": 0,
          "attributes": {
            "id": "cloner:readonly_user-policy",
            "name": "readonly_user-policy",
            "name_prefix": null,
            "policy": "{\n  \"Version\": \"2012-10-17\",\n  \"Statement\": [\n    {\n      \"Effect\": \"Allow\",\n      \"Resource\": \"arn:aws:codecommit:us-east-1:595802027059:backend-api\",\n      \"Action\": [\n          \"codecommit:GitPull\"\n      ]\n    },\n    {\n      \"Effect\": \"Allow\",\n      \"Resource\": \"*\",\n      \"Action\": [\n          \"codecommit:Get*\",\n          \"codecommit:List*\"\n      ]\n    }\n  ]\n}\n",
            "user": "cloner"
          },
          "sensitive_attributes": [],
          "private": "bnVsbA==",
          "dependencies": [
            "aws_codecommit_repository.code",
            "aws_iam_user.readonly_user"
          ]
        }
      ]
    },
    {
      "mode": "managed",
      "type": "aws_iam_user_ssh_key",
      "name": "readonly_user",
      "provider": "provider[\"registry.terraform.io/hashicorp/aws\"]",
      "instances": [
        {
          "schema_version": 0,
          "attributes": {
            "encoding": "SSH",
            "fingerprint": "32:5d:02:f1:44:aa:ad:eb:f6:8f:07:7a:3b:16:ef:e7",
            "id": "APKAYVOEROQZ555TKZPR",
            "public_key": "ssh-rsa AAAAB3NzaC1yc2EAAAADAQABAAABAQCi/0es09rIfpwyPetb35TdZD+heMog/kxq6AdOT7SyDH6kZAGkJwQhKJdBykbXleu5GtquuusA7vNw6HqbiO4HZ/uq68YKvKo4KN7N12LNZMZwJkzK6nNN8obGyhtSoNLUmcl3Bfl4n2DCOFsjYHdS0MOHJClK52JT2h2h5SO1+24AJ9AuqFM5dV+s2u/aKZhCsdPAReHAW4LEVi4a1fSlMS/3lH7TYCyz3PR2y8WAifcua9RVN2uFLdKVEKj5LQ3uooyHqWdVWirNKB/CmUFFwRrKKcncURoCSKeRoGV2oqEL11K2duB3UXolGx8BnHzxzxJyyVsSBL17u+Z8IV7t",
            "ssh_public_key_id": "APKAYVOEROQZ555TKZPR",
            "status": "Active",
            "username": "cloner"
          },
          "sensitive_attributes": [],
          "private": "bnVsbA==",
          "dependencies": [
            "aws_iam_user.readonly_user",
            "tls_private_key.ssh_key"
          ]
        }
      ]
    },
    {
      "mode": "managed",
      "type": "aws_instance",
      "name": "dev",
      "provider": "provider[\"registry.terraform.io/hashicorp/aws\"]",
      "instances": [
        {
          "schema_version": 1,
          "attributes": {
            "ami": "ami-0149b2da6ceec4bb0",
            "arn": "arn:aws:ec2:us-east-1:595802027059:instance/i-0c5b9a563e12379a8",
            "associate_public_ip_address": false,
            "availability_zone": "us-east-1a",
            "capacity_reservation_specification": [
              {
                "capacity_reservation_preference": "open",
                "capacity_reservation_target": []
              }
            ],
            "cpu_core_count": 1,
            "cpu_threads_per_core": 2,
            "credit_specification": [
              {
                "cpu_credits": "unlimited"
              }
            ],
            "disable_api_stop": false,
            "disable_api_termination": false,
            "ebs_block_device": [],
            "ebs_optimized": false,
            "enclave_options": [
              {
                "enabled": false
              }
            ],
            "ephemeral_block_device": [],
            "get_password_data": false,
            "hibernation": false,
            "host_id": null,
            "host_resource_group_arn": null,
            "iam_instance_profile": "dev-instance-profile",
            "id": "i-0c5b9a563e12379a8",
            "instance_initiated_shutdown_behavior": "stop",
            "instance_state": "running",
            "instance_type": "t3.micro",
            "ipv6_address_count": 0,
            "ipv6_addresses": [],
            "key_name": "",
            "launch_template": [],
            "maintenance_options": [
              {
                "auto_recovery": "default"
              }
            ],
            "metadata_options": [
              {
                "http_endpoint": "enabled",
                "http_put_response_hop_limit": 1,
                "http_tokens": "optional",
                "instance_metadata_tags": "disabled"
              }
            ],
            "monitoring": false,
            "network_interface": [],
            "outpost_arn": "",
            "password_data": "",
            "placement_group": "",
            "placement_partition_number": null,
            "primary_network_interface_id": "eni-015de346f10749f5c",
            "private_dns": "ip-10-0-1-216.ec2.internal",
            "private_dns_name_options": [
              {
                "enable_resource_name_dns_a_record": false,
                "enable_resource_name_dns_aaaa_record": false,
                "hostname_type": "ip-name"
              }
            ],
            "private_ip": "10.0.1.216",
            "public_dns": "",
            "public_ip": "",
            "root_block_device": [
              {
                "delete_on_termination": true,
                "device_name": "/dev/sda1",
                "encrypted": false,
                "iops": 100,
                "kms_key_id": "",
                "tags": {},
                "throughput": 0,
                "volume_id": "vol-073e5c6a77b36741e",
                "volume_size": 8,
                "volume_type": "gp2"
              }
            ],
            "secondary_private_ips": [],
            "security_groups": [],
            "source_dest_check": true,
            "subnet_id": "subnet-01a93e0c21f7b5af6",
            "tags": {
              "Environment": "dev",
              "Name": "dev-instance"
            },
            "tags_all": {
              "Environment": "dev",
              "Name": "dev-instance"
            },
            "tenancy": "default",
            "timeouts": null,
            "user_data": "24f78a431c3578eef84059614bed420f4799eebd",
            "user_data_base64": null,
            "user_data_replace_on_change": false,
            "volume_tags": null,
            "vpc_security_group_ids": [
              "sg-07ae6eeb22e5f0cfc"
            ]
          },
          "sensitive_attributes": [
            [
              {
                "type": "get_attr",
                "value": "user_data"
              }
            ]
          ],
          "private": "eyJlMmJmYjczMC1lY2FhLTExZTYtOGY4OC0zNDM2M2JjN2M0YzAiOnsiY3JlYXRlIjo2MDAwMDAwMDAwMDAsImRlbGV0ZSI6MTIwMDAwMDAwMDAwMCwidXBkYXRlIjo2MDAwMDAwMDAwMDB9LCJzY2hlbWFfdmVyc2lvbiI6IjEifQ==",
          "dependencies": [
            "aws_iam_instance_profile.dev",
            "aws_iam_role.dev-instance",
            "data.aws_ami.ubuntu",
            "data.aws_availability_zones.available",
            "module.vpc.aws_subnet.private",
            "module.vpc.aws_vpc.this",
            "module.vpc.aws_vpc_ipv4_cidr_block_association.this",
            "tls_private_key.ssh_key"
          ]
        }
      ]
    },
    {
      "mode": "managed",
      "type": "aws_lambda_permission",
      "name": "lambda_permission",
      "provider": "provider[\"registry.terraform.io/hashicorp/aws\"]",
      "instances": [
        {
          "schema_version": 0,
          "attributes": {
            "action": "lambda:InvokeFunction",
            "event_source_token": null,
            "function_name": "backend-api",
            "function_url_auth_type": null,
            "id": "AllowInvokeFromAPIGateway",
            "principal": "apigateway.amazonaws.com",
            "principal_org_id": null,
            "qualifier": "",
            "source_account": null,
            "source_arn": "arn:aws:execute-api:us-east-1:595802027059:ir6i5i53fh/*/*/*",
            "statement_id": "AllowInvokeFromAPIGateway",
            "statement_id_prefix": ""
          },
          "sensitive_attributes": [],
          "private": "bnVsbA==",
          "dependencies": [
            "aws_apigatewayv2_api.apigw",
            "aws_codebuild_project.build-docker-image",
            "aws_codecommit_repository.code",
            "aws_ecr_repository.app",
            "aws_iam_access_key.developer",
            "aws_iam_role.build-docker-image",
            "aws_iam_role_policy.build-docker-image",
            "aws_iam_user.developer",
            "aws_s3_bucket.codepipeline_bucket",
            "module.lambda_function_container_image.aws_cloudwatch_log_group.lambda",
            "module.lambda_function_container_image.aws_iam_policy.logs",
            "module.lambda_function_container_image.aws_iam_role.lambda",
            "module.lambda_function_container_image.aws_iam_role_policy_attachment.additional_inline",
            "module.lambda_function_container_image.aws_iam_role_policy_attachment.additional_json",
            "module.lambda_function_container_image.aws_iam_role_policy_attachment.additional_jsons",
            "module.lambda_function_container_image.aws_iam_role_policy_attachment.additional_many",
            "module.lambda_function_container_image.aws_iam_role_policy_attachment.additional_one",
            "module.lambda_function_container_image.aws_iam_role_policy_attachment.async",
            "module.lambda_function_container_image.aws_iam_role_policy_attachment.dead_letter",
            "module.lambda_function_container_image.aws_iam_role_policy_attachment.logs",
            "module.lambda_function_container_image.aws_iam_role_policy_attachment.tracing",
            "module.lambda_function_container_image.aws_iam_role_policy_attachment.vpc",
            "module.lambda_function_container_image.aws_lambda_function.this",
            "module.lambda_function_container_image.aws_s3_object.lambda_package",
            "module.lambda_function_container_image.data.aws_arn.log_group_arn",
            "module.lambda_function_container_image.data.aws_cloudwatch_log_group.lambda",
            "module.lambda_function_container_image.data.aws_iam_policy_document.assume_role",
            "module.lambda_function_container_image.data.aws_iam_policy_document.logs",
            "module.lambda_function_container_image.data.external.archive_prepare",
            "module.lambda_function_container_image.null_resource.archive",
            "null_resource.upload_files"
          ]
        }
      ]
    },
    {
      "mode": "managed",
      "type": "aws_network_interface",
      "name": "dev",
      "provider": "provider[\"registry.terraform.io/hashicorp/aws\"]",
      "instances": [
        {
          "schema_version": 0,
          "attributes": {
            "arn": "arn:aws:ec2:us-east-1:595802027059:network-interface/eni-0f9c6d5eed8d21d35",
            "attachment": [],
            "description": "",
            "id": "eni-0f9c6d5eed8d21d35",
            "interface_type": "interface",
            "ipv4_prefix_count": 0,
            "ipv4_prefixes": [],
            "ipv6_address_count": 0,
            "ipv6_address_list": [],
            "ipv6_address_list_enabled": false,
            "ipv6_addresses": [],
            "ipv6_prefix_count": 0,
            "ipv6_prefixes": [],
            "mac_address": "0a:4e:60:56:aa:cd",
            "outpost_arn": "",
            "owner_id": "595802027059",
            "private_dns_name": "",
            "private_ip": "10.0.1.10",
            "private_ip_list": [
              "10.0.1.10"
            ],
            "private_ip_list_enabled": false,
            "private_ips": [
              "10.0.1.10"
            ],
            "private_ips_count": 0,
            "security_groups": [
              "sg-07ae6eeb22e5f0cfc"
            ],
            "source_dest_check": true,
            "subnet_id": "subnet-01a93e0c21f7b5af6",
            "tags": null,
            "tags_all": {}
          },
          "sensitive_attributes": [],
          "private": "bnVsbA==",
          "dependencies": [
            "data.aws_availability_zones.available",
            "module.vpc.aws_subnet.private",
            "module.vpc.aws_vpc.this",
            "module.vpc.aws_vpc_ipv4_cidr_block_association.this"
          ]
        }
      ]
    },
    {
      "mode": "managed",
      "type": "aws_s3_bucket",
      "name": "codepipeline_bucket",
      "provider": "provider[\"registry.terraform.io/hashicorp/aws\"]",
      "instances": [
        {
          "schema_version": 0,
          "attributes": {
            "acceleration_status": "",
            "acl": "private",
            "arn": "arn:aws:s3:::codepipeline-bucket-cicd-cgido5skgsdbrs",
            "bucket": "codepipeline-bucket-cicd-cgido5skgsdbrs",
            "bucket_domain_name": "codepipeline-bucket-cicd-cgido5skgsdbrs.s3.amazonaws.com",
            "bucket_prefix": null,
            "bucket_regional_domain_name": "codepipeline-bucket-cicd-cgido5skgsdbrs.s3.amazonaws.com",
            "cors_rule": [],
            "force_destroy": true,
            "grant": [
              {
                "id": "089ab50d00c43fa4da10aad9ed1247e047d372f8d92316d15598eff2d9291e1e",
                "permissions": [
                  "FULL_CONTROL"
                ],
                "type": "CanonicalUser",
                "uri": ""
              }
            ],
            "hosted_zone_id": "Z3AQBSTGFYJSTF",
            "id": "codepipeline-bucket-cicd-cgido5skgsdbrs",
            "lifecycle_rule": [],
            "logging": [],
            "object_lock_configuration": [],
            "object_lock_enabled": false,
            "policy": "",
            "region": "us-east-1",
            "replication_configuration": [],
            "request_payer": "BucketOwner",
            "server_side_encryption_configuration": [],
            "tags": null,
            "tags_all": {},
            "timeouts": null,
            "versioning": [
              {
                "enabled": false,
                "mfa_delete": false
              }
            ],
            "website": [],
            "website_domain": null,
            "website_endpoint": null
          },
          "sensitive_attributes": [],
          "private": "eyJlMmJmYjczMC1lY2FhLTExZTYtOGY4OC0zNDM2M2JjN2M0YzAiOnsiY3JlYXRlIjoxMjAwMDAwMDAwMDAwLCJkZWxldGUiOjM2MDAwMDAwMDAwMDAsInJlYWQiOjEyMDAwMDAwMDAwMDAsInVwZGF0ZSI6MTIwMDAwMDAwMDAwMH19",
          "create_before_destroy": true
        }
      ]
    },
    {
      "mode": "managed",
      "type": "null_resource",
      "name": "upload_files",
      "provider": "provider[\"registry.terraform.io/hashicorp/null\"]",
      "instances": [
        {
          "schema_version": 0,
          "attributes": {
            "id": "4649138817258790143",
            "triggers": null
          },
          "sensitive_attributes": [],
          "private": "bnVsbA==",
          "dependencies": [
            "aws_codebuild_project.build-docker-image",
            "aws_codecommit_repository.code",
            "aws_ecr_repository.app",
            "aws_iam_access_key.developer",
            "aws_iam_role.build-docker-image",
            "aws_iam_role_policy.build-docker-image",
            "aws_iam_user.developer",
            "aws_s3_bucket.codepipeline_bucket"
          ],
          "create_before_destroy": true
        }
      ]
    },
    {
      "mode": "managed",
      "type": "tls_private_key",
      "name": "ssh_key",
      "provider": "provider[\"registry.terraform.io/hashicorp/tls\"]",
      "instances": [
        {
          "schema_version": 1,
          "attributes": {
            "algorithm": "RSA",
            "ecdsa_curve": "P224",
            "id": "4ac53716e9960362103fb30448fe8a08a5dfab48",
            "private_key_openssh": "-----BEGIN OPENSSH PRIVATE KEY-----\nb3BlbnNzaC1rZXktdjEAAAAABG5vbmUAAAAEbm9uZQAAAAAAAAABAAABFwAAAAdz\nc2gtcnNhAAAAAwEAAQAAAQEAov9HrNPayH6cMj3rW9+U3WQ/oXjKIP5MaugHTk+0\nsgx+pGQBpCcEISiXQcpG15XruRrarrrrAO7zcOh6m4juB2f7quvGCryqOCjezddi\nzWTGcCZMyupzTfKGxsobUqDS1JnJdwX5eJ9gwjhbI2B3UtDDhyQpSudiU9odoeUj\ntftuACfQLqhTOXVfrNrv2imYQrHTwEXhwFuCxFYuGtX0pTEv95R+02Ass9z0dsvF\ngIn3LmvUVTdrhS3SlRCo+S0N7qKMh6lnVVoqzSgfwplBRcEayinJ3FEaAkinkaBl\ndqKhC9dStnbgd1F6JRsfAZx88c8ScslbEgS9e7vmfCFe7QAAA7gikblrIpG5awAA\nAAdzc2gtcnNhAAABAQCi/0es09rIfpwyPetb35TdZD+heMog/kxq6AdOT7SyDH6k\nZAGkJwQhKJdBykbXleu5GtquuusA7vNw6HqbiO4HZ/uq68YKvKo4KN7N12LNZMZw\nJkzK6nNN8obGyhtSoNLUmcl3Bfl4n2DCOFsjYHdS0MOHJClK52JT2h2h5SO1+24A\nJ9AuqFM5dV+s2u/aKZhCsdPAReHAW4LEVi4a1fSlMS/3lH7TYCyz3PR2y8WAifcu\na9RVN2uFLdKVEKj5LQ3uooyHqWdVWirNKB/CmUFFwRrKKcncURoCSKeRoGV2oqEL\n11K2duB3UXolGx8BnHzxzxJyyVsSBL17u+Z8IV7tAAAAAwEAAQAAAQBJsLn508nc\nzQjW2hGW9qz5roHqAY74fZ+U0ZPD/tsFiAqVTbVEPnNqfkxr7QQ8IUZx6Ecnqc/n\nGyCqUiBkQvLCHGu2KWPepM8cFrYsP40mqMHiIB6lunsoqVXvd54ErDrE7UYc7nGL\n7Bo1lH73rnwjz8gmR933REa6/ChbchnEAtBOys2mcccOKFSpx9o1Jr2zioBccNHj\nGcq+DcdW5HaRGwaSKo1jzMKyrDQFEHmTPz9DtgLcUnRcQHvomVhj0Oj/Jt19WBTP\neKBWX/puEhDSnwLXuCKBpXICCZZDddX0Mpv6rvTdO0aOAOm0+dPFdBQmZlwTetpc\nRhzat31FZF5NAAAAgDaE7OkWI/yNjldksufUzR58CU6Yw8X4Vk0tp4+O+5rizbWY\nSIJUor4UguWh7Ufm6u5LJHMEihJDoLF7/TmKqwXKL1ztHAed1UrYtTom5BSiNqRY\nD39uPMcdI1oUSYPlM5lSjsYy+k1JXOF67YZQM6kslMGJ2WtwXlxcl0xH7vnlAAAA\ngQDJhA7m98qF4sJTqB6QxMV1kT/ff8s8jltRY5rBczvnU06T5tJaXg3wPXij7AJg\nJED0T7IIEMzCfKe8OM8Da/XlMU6hjvytqJOAzgSRuBu4kCyHsw+pFqUd9eq+Ahj9\nwtO2zH3tTubCfAghIbITat+vCFNrlqX3Fuuog+KTEnDWWwAAAIEAzxEl7Yyvh5QR\nOfu6cdvQO+/0ghS7dgvosWRkHKqt66TnUkJlKRy/2ZJjDBMzyR9Y9xgENfxUMJ4a\nno4MMKGajH1tG2pDJBLxQwXd6qnPokuroZc+rI4QYvCpSWWszguJK4EVkxebAW6Y\nKEZm1eepq3WhiyTCdSx4+DTasyE8clcAAAAAAQID\n-----END OPENSSH PRIVATE KEY-----\n",
            "private_key_pem": "-----BEGIN RSA PRIVATE KEY-----\nMIIEowIBAAKCAQEAov9HrNPayH6cMj3rW9+U3WQ/oXjKIP5MaugHTk+0sgx+pGQB\npCcEISiXQcpG15XruRrarrrrAO7zcOh6m4juB2f7quvGCryqOCjezddizWTGcCZM\nyupzTfKGxsobUqDS1JnJdwX5eJ9gwjhbI2B3UtDDhyQpSudiU9odoeUjtftuACfQ\nLqhTOXVfrNrv2imYQrHTwEXhwFuCxFYuGtX0pTEv95R+02Ass9z0dsvFgIn3LmvU\nVTdrhS3SlRCo+S0N7qKMh6lnVVoqzSgfwplBRcEayinJ3FEaAkinkaBldqKhC9dS\ntnbgd1F6JRsfAZx88c8ScslbEgS9e7vmfCFe7QIDAQABAoIBAEmwufnTydzNCNba\nEZb2rPmugeoBjvh9n5TRk8P+2wWICpVNtUQ+c2p+TGvtBDwhRnHoRyepz+cbIKpS\nIGRC8sIca7YpY96kzxwWtiw/jSaoweIgHqW6eyipVe93ngSsOsTtRhzucYvsGjWU\nfveufCPPyCZH3fdERrr8KFtyGcQC0E7KzaZxxw4oVKnH2jUmvbOKgFxw0eMZyr4N\nx1bkdpEbBpIqjWPMwrKsNAUQeZM/P0O2AtxSdFxAe+iZWGPQ6P8m3X1YFM94oFZf\n+m4SENKfAte4IoGlcgIJlkN11fQym/qu9N07Ro4A6bT508V0FCZmXBN62lxGHNq3\nfUVkXk0CgYEAyYQO5vfKheLCU6gekMTFdZE/33/LPI5bUWOawXM751NOk+bSWl4N\n8D14o+wCYCRA9E+yCBDMwnynvDjPA2v15TFOoY78raiTgM4EkbgbuJAsh7MPqRal\nHfXqvgIY/cLTtsx97U7mwnwIISGyE2rfrwhTa5al9xbrqIPikxJw1lsCgYEAzxEl\n7Yyvh5QROfu6cdvQO+/0ghS7dgvosWRkHKqt66TnUkJlKRy/2ZJjDBMzyR9Y9xgE\nNfxUMJ4ano4MMKGajH1tG2pDJBLxQwXd6qnPokuroZc+rI4QYvCpSWWszguJK4EV\nkxebAW6YKEZm1eepq3WhiyTCdSx4+DTasyE8clcCgYBSEtsO7vUpOoXzFJH+XGYf\n0By3ppDcBQ7kQzEQgSJwwNlMG8Ko043RvveXq9P73EgoOR1Fc7IxtBuM6YZG2n23\n7zEbU+VNxU7uMvphbx67ON0qF5/VOkfdv/7vjGMpV2RrGzZepLgPlfypodOpXOnl\nm/p940mNLWSlqbFqPSR/6QKBgQCS5yiQWnIhbsO17kg9BOS70SYXr1u7iQFh8MYx\nrElNV6WhL2eTfkkBs6A/bdQciPfV/ZznLAgSoehiuoYdblk1+LoSbBYMHsA5e40Q\nMb8T9jlin+mgA/3OI80GPHMXjwmW6rKCs4mNv4eFc0T71qoB8adVDxRCivWbqevK\nj/bRawKBgDaE7OkWI/yNjldksufUzR58CU6Yw8X4Vk0tp4+O+5rizbWYSIJUor4U\nguWh7Ufm6u5LJHMEihJDoLF7/TmKqwXKL1ztHAed1UrYtTom5BSiNqRYD39uPMcd\nI1oUSYPlM5lSjsYy+k1JXOF67YZQM6kslMGJ2WtwXlxcl0xH7vnl\n-----END RSA PRIVATE KEY-----\n",
            "private_key_pem_pkcs8": "-----BEGIN PRIVATE KEY-----\nMIIEvQIBADANBgkqhkiG9w0BAQEFAASCBKcwggSjAgEAAoIBAQCi/0es09rIfpwy\nPetb35TdZD+heMog/kxq6AdOT7SyDH6kZAGkJwQhKJdBykbXleu5GtquuusA7vNw\n6HqbiO4HZ/uq68YKvKo4KN7N12LNZMZwJkzK6nNN8obGyhtSoNLUmcl3Bfl4n2DC\nOFsjYHdS0MOHJClK52JT2h2h5SO1+24AJ9AuqFM5dV+s2u/aKZhCsdPAReHAW4LE\nVi4a1fSlMS/3lH7TYCyz3PR2y8WAifcua9RVN2uFLdKVEKj5LQ3uooyHqWdVWirN\nKB/CmUFFwRrKKcncURoCSKeRoGV2oqEL11K2duB3UXolGx8BnHzxzxJyyVsSBL17\nu+Z8IV7tAgMBAAECggEASbC5+dPJ3M0I1toRlvas+a6B6gGO+H2flNGTw/7bBYgK\nlU21RD5zan5Ma+0EPCFGcehHJ6nP5xsgqlIgZELywhxrtilj3qTPHBa2LD+NJqjB\n4iAepbp7KKlV73eeBKw6xO1GHO5xi+waNZR+9658I8/IJkfd90RGuvwoW3IZxALQ\nTsrNpnHHDihUqcfaNSa9s4qAXHDR4xnKvg3HVuR2kRsGkiqNY8zCsqw0BRB5kz8/\nQ7YC3FJ0XEB76JlYY9Do/ybdfVgUz3igVl/6bhIQ0p8C17gigaVyAgmWQ3XV9DKb\n+q703TtGjgDptPnTxXQUJmZcE3raXEYc2rd9RWReTQKBgQDJhA7m98qF4sJTqB6Q\nxMV1kT/ff8s8jltRY5rBczvnU06T5tJaXg3wPXij7AJgJED0T7IIEMzCfKe8OM8D\na/XlMU6hjvytqJOAzgSRuBu4kCyHsw+pFqUd9eq+Ahj9wtO2zH3tTubCfAghIbIT\nat+vCFNrlqX3Fuuog+KTEnDWWwKBgQDPESXtjK+HlBE5+7px29A77/SCFLt2C+ix\nZGQcqq3rpOdSQmUpHL/ZkmMMEzPJH1j3GAQ1/FQwnhqejgwwoZqMfW0bakMkEvFD\nBd3qqc+iS6uhlz6sjhBi8KlJZazOC4krgRWTF5sBbpgoRmbV56mrdaGLJMJ1LHj4\nNNqzITxyVwKBgFIS2w7u9Sk6hfMUkf5cZh/QHLemkNwFDuRDMRCBInDA2UwbwqjT\njdG+95er0/vcSCg5HUVzsjG0G4zphkbafbfvMRtT5U3FTu4y+mFvHrs43SoXn9U6\nR92//u+MYylXZGsbNl6kuA+V/Kmh06lc6eWb+n3jSY0tZKWpsWo9JH/pAoGBAJLn\nKJBaciFuw7XuSD0E5LvRJhevW7uJAWHwxjGsSU1XpaEvZ5N+SQGzoD9t1ByI99X9\nnOcsCBKh6GK6hh1uWTX4uhJsFgwewDl7jRAxvxP2OWKf6aAD/c4jzQY8cxePCZbq\nsoKziY2/h4VzRPvWqgHxp1UPFEKK9Zup68qP9tFrAoGANoTs6RYj/I2OV2Sy59TN\nHnwJTpjDxfhWTS2nj477muLNtZhIglSivhSC5aHtR+bq7kskcwSKEkOgsXv9OYqr\nBcovXO0cB53VSti1OibkFKI2pFgPf248xx0jWhRJg+UzmVKOxjL6TUlc4XrthlAz\nqSyUwYnZa3BeXFyXTEfu+eU=\n-----END PRIVATE KEY-----\n",
            "public_key_fingerprint_md5": "32:5d:02:f1:44:aa:ad:eb:f6:8f:07:7a:3b:16:ef:e7",
            "public_key_fingerprint_sha256": "SHA256:7jwlBKC1HHiz4rkptj/23iOc7lVIecQxomzcphwxPgk",
            "public_key_openssh": "ssh-rsa AAAAB3NzaC1yc2EAAAADAQABAAABAQCi/0es09rIfpwyPetb35TdZD+heMog/kxq6AdOT7SyDH6kZAGkJwQhKJdBykbXleu5GtquuusA7vNw6HqbiO4HZ/uq68YKvKo4KN7N12LNZMZwJkzK6nNN8obGyhtSoNLUmcl3Bfl4n2DCOFsjYHdS0MOHJClK52JT2h2h5SO1+24AJ9AuqFM5dV+s2u/aKZhCsdPAReHAW4LEVi4a1fSlMS/3lH7TYCyz3PR2y8WAifcua9RVN2uFLdKVEKj5LQ3uooyHqWdVWirNKB/CmUFFwRrKKcncURoCSKeRoGV2oqEL11K2duB3UXolGx8BnHzxzxJyyVsSBL17u+Z8IV7t\n",
            "public_key_pem": "-----BEGIN PUBLIC KEY-----\nMIIBIjANBgkqhkiG9w0BAQEFAAOCAQ8AMIIBCgKCAQEAov9HrNPayH6cMj3rW9+U\n3WQ/oXjKIP5MaugHTk+0sgx+pGQBpCcEISiXQcpG15XruRrarrrrAO7zcOh6m4ju\nB2f7quvGCryqOCjezddizWTGcCZMyupzTfKGxsobUqDS1JnJdwX5eJ9gwjhbI2B3\nUtDDhyQpSudiU9odoeUjtftuACfQLqhTOXVfrNrv2imYQrHTwEXhwFuCxFYuGtX0\npTEv95R+02Ass9z0dsvFgIn3LmvUVTdrhS3SlRCo+S0N7qKMh6lnVVoqzSgfwplB\nRcEayinJ3FEaAkinkaBldqKhC9dStnbgd1F6JRsfAZx88c8ScslbEgS9e7vmfCFe\n7QIDAQAB\n-----END PUBLIC KEY-----\n",
            "rsa_bits": 2048
          },
          "sensitive_attributes": []
        }
      ]
    },
    {
      "module": "module.lambda_function_container_image",
      "mode": "data",
      "type": "aws_iam_policy_document",
      "name": "assume_role",
      "provider": "provider[\"registry.terraform.io/hashicorp/aws\"]",
      "instances": [
        {
          "index_key": 0,
          "schema_version": 0,
          "attributes": {
            "id": "3693445097",
            "json": "{\n  \"Version\": \"2012-10-17\",\n  \"Statement\": [\n    {\n      \"Sid\": \"\",\n      \"Effect\": \"Allow\",\n      \"Action\": \"sts:AssumeRole\",\n      \"Principal\": {\n        \"Service\": \"lambda.amazonaws.com\"\n      }\n    }\n  ]\n}",
            "override_json": null,
            "override_policy_documents": null,
            "policy_id": null,
            "source_json": null,
            "source_policy_documents": null,
            "statement": [
              {
                "actions": [
                  "sts:AssumeRole"
                ],
                "condition": [],
                "effect": "Allow",
                "not_actions": [],
                "not_principals": [],
                "not_resources": [],
                "principals": [
                  {
                    "identifiers": [
                      "lambda.amazonaws.com"
                    ],
                    "type": "Service"
                  }
                ],
                "resources": [],
                "sid": ""
              }
            ],
            "version": "2012-10-17"
          },
          "sensitive_attributes": []
        }
      ]
    },
    {
      "module": "module.lambda_function_container_image",
      "mode": "data",
      "type": "aws_iam_policy_document",
      "name": "logs",
      "provider": "provider[\"registry.terraform.io/hashicorp/aws\"]",
      "instances": [
        {
          "index_key": 0,
          "schema_version": 0,
          "attributes": {
            "id": "2151779640",
            "json": "{\n  \"Version\": \"2012-10-17\",\n  \"Statement\": [\n    {\n      \"Sid\": \"\",\n      \"Effect\": \"Allow\",\n      \"Action\": [\n        \"logs:PutLogEvents\",\n        \"logs:CreateLogStream\",\n        \"logs:CreateLogGroup\"\n      ],\n      \"Resource\": [\n        \"arn:aws:logs:us-east-1:595802027059:log-group:/aws/lambda/backend-api:*:*\",\n        \"arn:aws:logs:us-east-1:595802027059:log-group:/aws/lambda/backend-api:*\"\n      ]\n    }\n  ]\n}",
            "override_json": null,
            "override_policy_documents": null,
            "policy_id": null,
            "source_json": null,
            "source_policy_documents": null,
            "statement": [
              {
                "actions": [
                  "logs:CreateLogGroup",
                  "logs:CreateLogStream",
                  "logs:PutLogEvents"
                ],
                "condition": [],
                "effect": "Allow",
                "not_actions": [],
                "not_principals": [],
                "not_resources": [],
                "principals": [],
                "resources": [
                  "arn:aws:logs:us-east-1:595802027059:log-group:/aws/lambda/backend-api:*",
                  "arn:aws:logs:us-east-1:595802027059:log-group:/aws/lambda/backend-api:*:*"
                ],
                "sid": ""
              }
            ],
            "version": "2012-10-17"
          },
          "sensitive_attributes": []
        }
      ]
    },
    {
      "module": "module.lambda_function_container_image",
      "mode": "data",
      "type": "aws_partition",
      "name": "current",
      "provider": "provider[\"registry.terraform.io/hashicorp/aws\"]",
      "instances": [
        {
          "schema_version": 0,
          "attributes": {
            "dns_suffix": "amazonaws.com",
            "id": "aws",
            "partition": "aws",
            "reverse_dns_prefix": "com.amazonaws"
          },
          "sensitive_attributes": []
        }
      ]
    },
    {
      "module": "module.lambda_function_container_image",
      "mode": "managed",
      "type": "aws_cloudwatch_log_group",
      "name": "lambda",
      "provider": "provider[\"registry.terraform.io/hashicorp/aws\"]",
      "instances": [
        {
          "index_key": 0,
          "schema_version": 0,
          "attributes": {
            "arn": "arn:aws:logs:us-east-1:595802027059:log-group:/aws/lambda/backend-api",
            "id": "/aws/lambda/backend-api",
            "kms_key_id": "",
            "name": "/aws/lambda/backend-api",
            "name_prefix": null,
            "retention_in_days": 0,
            "tags": null,
            "tags_all": {}
          },
          "sensitive_attributes": [],
          "private": "bnVsbA==",
          "dependencies": [
            "aws_codebuild_project.build-docker-image",
            "aws_codecommit_repository.code",
            "aws_ecr_repository.app",
            "aws_iam_access_key.developer",
            "aws_iam_role.build-docker-image",
            "aws_iam_role_policy.build-docker-image",
            "aws_iam_user.developer",
            "aws_s3_bucket.codepipeline_bucket",
            "null_resource.upload_files"
          ],
          "create_before_destroy": true
        }
      ]
    },
    {
      "module": "module.lambda_function_container_image",
      "mode": "managed",
      "type": "aws_iam_policy",
      "name": "logs",
      "provider": "provider[\"registry.terraform.io/hashicorp/aws\"]",
      "instances": [
        {
          "index_key": 0,
          "schema_version": 0,
          "attributes": {
            "arn": "arn:aws:iam::595802027059:policy/backend-api-logs",
            "description": "",
            "id": "arn:aws:iam::595802027059:policy/backend-api-logs",
            "name": "backend-api-logs",
            "name_prefix": null,
            "path": "/",
            "policy": "{\"Statement\":[{\"Action\":[\"logs:PutLogEvents\",\"logs:CreateLogStream\",\"logs:CreateLogGroup\"],\"Effect\":\"Allow\",\"Resource\":[\"arn:aws:logs:us-east-1:595802027059:log-group:/aws/lambda/backend-api:*:*\",\"arn:aws:logs:us-east-1:595802027059:log-group:/aws/lambda/backend-api:*\"],\"Sid\":\"\"}],\"Version\":\"2012-10-17\"}",
            "policy_id": "ANPAYVOEROQZRWJJP7SCL",
            "tags": null,
            "tags_all": {}
          },
          "sensitive_attributes": [],
          "private": "bnVsbA==",
          "dependencies": [
            "aws_codebuild_project.build-docker-image",
            "aws_codecommit_repository.code",
            "aws_ecr_repository.app",
            "aws_iam_access_key.developer",
            "aws_iam_role.build-docker-image",
            "aws_iam_role_policy.build-docker-image",
            "aws_iam_user.developer",
            "aws_s3_bucket.codepipeline_bucket",
            "module.lambda_function_container_image.aws_cloudwatch_log_group.lambda",
            "module.lambda_function_container_image.data.aws_arn.log_group_arn",
            "module.lambda_function_container_image.data.aws_cloudwatch_log_group.lambda",
            "module.lambda_function_container_image.data.aws_iam_policy_document.logs",
            "null_resource.upload_files"
          ],
          "create_before_destroy": true
        }
      ]
    },
    {
      "module": "module.lambda_function_container_image",
      "mode": "managed",
      "type": "aws_iam_role",
      "name": "lambda",
      "provider": "provider[\"registry.terraform.io/hashicorp/aws\"]",
      "instances": [
        {
          "index_key": 0,
          "schema_version": 0,
          "attributes": {
            "arn": "arn:aws:iam::595802027059:role/backend-api",
            "assume_role_policy": "{\"Statement\":[{\"Action\":\"sts:AssumeRole\",\"Effect\":\"Allow\",\"Principal\":{\"Service\":\"lambda.amazonaws.com\"},\"Sid\":\"\"}],\"Version\":\"2012-10-17\"}",
            "create_date": "2022-09-15T10:15:07Z",
            "description": "",
            "force_detach_policies": true,
            "id": "backend-api",
            "inline_policy": [],
            "managed_policy_arns": [],
            "max_session_duration": 3600,
            "name": "backend-api",
            "name_prefix": "",
            "path": "/",
            "permissions_boundary": null,
            "tags": null,
            "tags_all": {},
            "unique_id": "AROAYVOEROQZQPXYOMERY"
          },
          "sensitive_attributes": [],
          "private": "bnVsbA==",
          "dependencies": [
            "aws_codebuild_project.build-docker-image",
            "aws_codecommit_repository.code",
            "aws_ecr_repository.app",
            "aws_iam_access_key.developer",
            "aws_iam_role.build-docker-image",
            "aws_iam_role_policy.build-docker-image",
            "aws_iam_user.developer",
            "aws_s3_bucket.codepipeline_bucket",
            "module.lambda_function_container_image.data.aws_iam_policy_document.assume_role",
            "null_resource.upload_files"
          ],
          "create_before_destroy": true
        }
      ]
    },
    {
      "module": "module.lambda_function_container_image",
      "mode": "managed",
      "type": "aws_iam_role_policy_attachment",
      "name": "logs",
      "provider": "provider[\"registry.terraform.io/hashicorp/aws\"]",
      "instances": [
        {
          "index_key": 0,
          "schema_version": 0,
          "attributes": {
            "id": "backend-api-20220915101508067300000004",
            "policy_arn": "arn:aws:iam::595802027059:policy/backend-api-logs",
            "role": "backend-api"
          },
          "sensitive_attributes": [],
          "private": "bnVsbA==",
          "dependencies": [
            "aws_codebuild_project.build-docker-image",
            "aws_codecommit_repository.code",
            "aws_ecr_repository.app",
            "aws_iam_access_key.developer",
            "aws_iam_role.build-docker-image",
            "aws_iam_role_policy.build-docker-image",
            "aws_iam_user.developer",
            "aws_s3_bucket.codepipeline_bucket",
            "module.lambda_function_container_image.aws_cloudwatch_log_group.lambda",
            "module.lambda_function_container_image.aws_iam_policy.logs",
            "module.lambda_function_container_image.aws_iam_role.lambda",
            "module.lambda_function_container_image.data.aws_arn.log_group_arn",
            "module.lambda_function_container_image.data.aws_cloudwatch_log_group.lambda",
            "module.lambda_function_container_image.data.aws_iam_policy_document.assume_role",
            "module.lambda_function_container_image.data.aws_iam_policy_document.logs",
            "null_resource.upload_files"
          ],
          "create_before_destroy": true
        }
      ]
    },
    {
      "module": "module.lambda_function_container_image",
      "mode": "managed",
      "type": "aws_lambda_function",
      "name": "this",
      "provider": "provider[\"registry.terraform.io/hashicorp/aws\"]",
      "instances": [
        {
          "index_key": 0,
          "schema_version": 0,
          "attributes": {
            "architectures": [
              "x86_64"
            ],
            "arn": "arn:aws:lambda:us-east-1:595802027059:function:backend-api",
            "code_signing_config_arn": "",
            "dead_letter_config": [],
            "description": "",
            "environment": [],
            "ephemeral_storage": [
              {
                "size": 512
              }
            ],
            "file_system_config": [],
            "filename": null,
            "function_name": "backend-api",
            "handler": "",
            "id": "backend-api",
            "image_config": [],
            "image_uri": "595802027059.dkr.ecr.us-east-1.amazonaws.com/backend-api:latest",
            "invoke_arn": "arn:aws:apigateway:us-east-1:lambda:path/2015-03-31/functions/arn:aws:lambda:us-east-1:595802027059:function:backend-api/invocations",
            "kms_key_arn": "",
            "last_modified": "2022-09-15T10:15:22.476+0000",
            "layers": null,
            "memory_size": 128,
            "package_type": "Image",
            "publish": false,
            "qualified_arn": "arn:aws:lambda:us-east-1:595802027059:function:backend-api:$LATEST",
            "reserved_concurrent_executions": -1,
            "role": "arn:aws:iam::595802027059:role/backend-api",
            "runtime": "",
            "s3_bucket": null,
            "s3_key": null,
            "s3_object_version": null,
            "signing_job_arn": "",
            "signing_profile_version_arn": "",
            "source_code_hash": "358af88051a076f3529f84f51ed17bcd7fa1af71db8760c2fc6f93a61fb2cabc",
            "source_code_size": 0,
            "tags": null,
            "tags_all": {},
            "timeout": 3,
            "timeouts": null,
            "tracing_config": [
              {
                "mode": "PassThrough"
              }
            ],
            "version": "$LATEST",
            "vpc_config": []
          },
          "sensitive_attributes": [],
          "private": "eyJlMmJmYjczMC1lY2FhLTExZTYtOGY4OC0zNDM2M2JjN2M0YzAiOnsiY3JlYXRlIjo2MDAwMDAwMDAwMDB9fQ==",
          "dependencies": [
            "aws_codebuild_project.build-docker-image",
            "aws_codecommit_repository.code",
            "aws_ecr_repository.app",
            "aws_iam_access_key.developer",
            "aws_iam_role.build-docker-image",
            "aws_iam_role_policy.build-docker-image",
            "aws_iam_user.developer",
            "aws_s3_bucket.codepipeline_bucket",
            "module.lambda_function_container_image.aws_cloudwatch_log_group.lambda",
            "module.lambda_function_container_image.aws_iam_policy.logs",
            "module.lambda_function_container_image.aws_iam_role.lambda",
            "module.lambda_function_container_image.aws_iam_role_policy_attachment.additional_inline",
            "module.lambda_function_container_image.aws_iam_role_policy_attachment.additional_json",
            "module.lambda_function_container_image.aws_iam_role_policy_attachment.additional_jsons",
            "module.lambda_function_container_image.aws_iam_role_policy_attachment.additional_many",
            "module.lambda_function_container_image.aws_iam_role_policy_attachment.additional_one",
            "module.lambda_function_container_image.aws_iam_role_policy_attachment.async",
            "module.lambda_function_container_image.aws_iam_role_policy_attachment.dead_letter",
            "module.lambda_function_container_image.aws_iam_role_policy_attachment.logs",
            "module.lambda_function_container_image.aws_iam_role_policy_attachment.tracing",
            "module.lambda_function_container_image.aws_iam_role_policy_attachment.vpc",
            "module.lambda_function_container_image.aws_s3_object.lambda_package",
            "module.lambda_function_container_image.data.aws_arn.log_group_arn",
            "module.lambda_function_container_image.data.aws_cloudwatch_log_group.lambda",
            "module.lambda_function_container_image.data.aws_iam_policy_document.assume_role",
            "module.lambda_function_container_image.data.aws_iam_policy_document.logs",
            "module.lambda_function_container_image.data.external.archive_prepare",
            "module.lambda_function_container_image.null_resource.archive",
            "null_resource.upload_files"
          ],
          "create_before_destroy": true
        }
      ]
    },
    {
      "module": "module.vpc",
      "mode": "managed",
      "type": "aws_eip",
      "name": "nat",
      "provider": "provider[\"registry.terraform.io/hashicorp/aws\"]",
      "instances": [
        {
          "index_key": 0,
          "schema_version": 0,
          "attributes": {
            "address": null,
            "allocation_id": "eipalloc-077d64455760a1586",
            "associate_with_private_ip": null,
            "association_id": "",
            "carrier_ip": "",
            "customer_owned_ip": "",
            "customer_owned_ipv4_pool": "",
            "domain": "vpc",
            "id": "eipalloc-077d64455760a1586",
            "instance": "",
            "network_border_group": "us-east-1",
            "network_interface": "",
            "private_dns": null,
            "private_ip": "",
            "public_dns": "ec2-3-230-42-109.compute-1.amazonaws.com",
            "public_ip": "3.230.42.109",
            "public_ipv4_pool": "amazon",
            "tags": {
              "Name": "main-vpc-us-east-1a"
            },
            "tags_all": {
              "Name": "main-vpc-us-east-1a"
            },
            "timeouts": null,
            "vpc": true
          },
          "sensitive_attributes": [],
          "private": "eyJlMmJmYjczMC1lY2FhLTExZTYtOGY4OC0zNDM2M2JjN2M0YzAiOnsiZGVsZXRlIjoxODAwMDAwMDAwMDAsInJlYWQiOjkwMDAwMDAwMDAwMCwidXBkYXRlIjozMDAwMDAwMDAwMDB9fQ==",
          "dependencies": [
            "data.aws_availability_zones.available"
          ]
        }
      ]
    },
    {
      "module": "module.vpc",
      "mode": "managed",
      "type": "aws_internet_gateway",
      "name": "this",
      "provider": "provider[\"registry.terraform.io/hashicorp/aws\"]",
      "instances": [
        {
          "index_key": 0,
          "schema_version": 0,
          "attributes": {
            "arn": "arn:aws:ec2:us-east-1:595802027059:internet-gateway/igw-00838079cd063dcd2",
            "id": "igw-00838079cd063dcd2",
            "owner_id": "595802027059",
            "tags": {
              "Name": "main-vpc"
            },
            "tags_all": {
              "Name": "main-vpc"
            },
            "timeouts": null,
            "vpc_id": "vpc-0601ec0cae58325f9"
          },
          "sensitive_attributes": [],
          "private": "eyJlMmJmYjczMC1lY2FhLTExZTYtOGY4OC0zNDM2M2JjN2M0YzAiOnsiY3JlYXRlIjoxMjAwMDAwMDAwMDAwLCJkZWxldGUiOjEyMDAwMDAwMDAwMDAsInVwZGF0ZSI6MTIwMDAwMDAwMDAwMH19",
          "dependencies": [
            "module.vpc.aws_vpc.this",
            "module.vpc.aws_vpc_ipv4_cidr_block_association.this"
          ]
        }
      ]
    },
    {
      "module": "module.vpc",
      "mode": "managed",
      "type": "aws_nat_gateway",
      "name": "this",
      "provider": "provider[\"registry.terraform.io/hashicorp/aws\"]",
      "instances": [
        {
          "index_key": 0,
          "schema_version": 0,
          "attributes": {
            "allocation_id": "eipalloc-077d64455760a1586",
            "connectivity_type": "public",
            "id": "nat-08e5afa56f6ffdc63",
            "network_interface_id": "eni-0f853355d66643f84",
            "private_ip": "10.0.128.97",
            "public_ip": "3.230.42.109",
            "subnet_id": "subnet-0ba9aad9cab552160",
            "tags": {
              "Name": "main-vpc-us-east-1a"
            },
            "tags_all": {
              "Name": "main-vpc-us-east-1a"
            }
          },
          "sensitive_attributes": [],
          "private": "bnVsbA==",
          "dependencies": [
            "data.aws_availability_zones.available",
            "module.vpc.aws_eip.nat",
            "module.vpc.aws_internet_gateway.this",
            "module.vpc.aws_subnet.public",
            "module.vpc.aws_vpc.this",
            "module.vpc.aws_vpc_ipv4_cidr_block_association.this"
          ]
        }
      ]
    },
    {
      "module": "module.vpc",
      "mode": "managed",
      "type": "aws_route",
      "name": "private_nat_gateway",
      "provider": "provider[\"registry.terraform.io/hashicorp/aws\"]",
      "instances": [
        {
          "index_key": 0,
          "schema_version": 0,
          "attributes": {
            "carrier_gateway_id": "",
            "core_network_arn": "",
            "destination_cidr_block": "0.0.0.0/0",
            "destination_ipv6_cidr_block": "",
            "destination_prefix_list_id": "",
            "egress_only_gateway_id": "",
            "gateway_id": "",
            "id": "r-rtb-036ed56fe63c5a93f1080289494",
            "instance_id": "",
            "instance_owner_id": "",
            "local_gateway_id": "",
            "nat_gateway_id": "nat-08e5afa56f6ffdc63",
            "network_interface_id": "",
            "origin": "CreateRoute",
            "route_table_id": "rtb-036ed56fe63c5a93f",
            "state": "active",
            "timeouts": {
              "create": "5m",
              "delete": null,
              "update": null
            },
            "transit_gateway_id": "",
            "vpc_endpoint_id": "",
            "vpc_peering_connection_id": ""
          },
          "sensitive_attributes": [],
          "private": "eyJlMmJmYjczMC1lY2FhLTExZTYtOGY4OC0zNDM2M2JjN2M0YzAiOnsiY3JlYXRlIjozMDAwMDAwMDAwMDAsImRlbGV0ZSI6MzAwMDAwMDAwMDAwLCJ1cGRhdGUiOjEyMDAwMDAwMDAwMH19",
          "dependencies": [
            "data.aws_availability_zones.available",
            "module.vpc.aws_eip.nat",
            "module.vpc.aws_internet_gateway.this",
            "module.vpc.aws_nat_gateway.this",
            "module.vpc.aws_route_table.private",
            "module.vpc.aws_subnet.public",
            "module.vpc.aws_vpc.this",
            "module.vpc.aws_vpc_ipv4_cidr_block_association.this"
          ]
        }
      ]
    },
    {
      "module": "module.vpc",
      "mode": "managed",
      "type": "aws_route",
      "name": "public_internet_gateway",
      "provider": "provider[\"registry.terraform.io/hashicorp/aws\"]",
      "instances": [
        {
          "index_key": 0,
          "schema_version": 0,
          "attributes": {
            "carrier_gateway_id": "",
            "core_network_arn": "",
            "destination_cidr_block": "0.0.0.0/0",
            "destination_ipv6_cidr_block": "",
            "destination_prefix_list_id": "",
            "egress_only_gateway_id": "",
            "gateway_id": "igw-00838079cd063dcd2",
            "id": "r-rtb-09fb86130ab5a9eb91080289494",
            "instance_id": "",
            "instance_owner_id": "",
            "local_gateway_id": "",
            "nat_gateway_id": "",
            "network_interface_id": "",
            "origin": "CreateRoute",
            "route_table_id": "rtb-09fb86130ab5a9eb9",
            "state": "active",
            "timeouts": {
              "create": "5m",
              "delete": null,
              "update": null
            },
            "transit_gateway_id": "",
            "vpc_endpoint_id": "",
            "vpc_peering_connection_id": ""
          },
          "sensitive_attributes": [],
          "private": "eyJlMmJmYjczMC1lY2FhLTExZTYtOGY4OC0zNDM2M2JjN2M0YzAiOnsiY3JlYXRlIjozMDAwMDAwMDAwMDAsImRlbGV0ZSI6MzAwMDAwMDAwMDAwLCJ1cGRhdGUiOjEyMDAwMDAwMDAwMH19",
          "dependencies": [
            "module.vpc.aws_internet_gateway.this",
            "module.vpc.aws_route_table.public",
            "module.vpc.aws_vpc.this",
            "module.vpc.aws_vpc_ipv4_cidr_block_association.this"
          ]
        }
      ]
    },
    {
      "module": "module.vpc",
      "mode": "managed",
      "type": "aws_route_table",
      "name": "private",
      "provider": "provider[\"registry.terraform.io/hashicorp/aws\"]",
      "instances": [
        {
          "index_key": 0,
          "schema_version": 0,
          "attributes": {
            "arn": "arn:aws:ec2:us-east-1:595802027059:route-table/rtb-036ed56fe63c5a93f",
            "id": "rtb-036ed56fe63c5a93f",
            "owner_id": "595802027059",
            "propagating_vgws": [],
            "route": [],
            "tags": {
              "Name": "main-vpc-private-us-east-1a"
            },
            "tags_all": {
              "Name": "main-vpc-private-us-east-1a"
            },
            "timeouts": null,
            "vpc_id": "vpc-0601ec0cae58325f9"
          },
          "sensitive_attributes": [],
          "private": "eyJlMmJmYjczMC1lY2FhLTExZTYtOGY4OC0zNDM2M2JjN2M0YzAiOnsiY3JlYXRlIjozMDAwMDAwMDAwMDAsImRlbGV0ZSI6MzAwMDAwMDAwMDAwLCJ1cGRhdGUiOjEyMDAwMDAwMDAwMH19",
          "dependencies": [
            "data.aws_availability_zones.available",
            "module.vpc.aws_vpc.this",
            "module.vpc.aws_vpc_ipv4_cidr_block_association.this"
          ]
        }
      ]
    },
    {
      "module": "module.vpc",
      "mode": "managed",
      "type": "aws_route_table",
      "name": "public",
      "provider": "provider[\"registry.terraform.io/hashicorp/aws\"]",
      "instances": [
        {
          "index_key": 0,
          "schema_version": 0,
          "attributes": {
            "arn": "arn:aws:ec2:us-east-1:595802027059:route-table/rtb-09fb86130ab5a9eb9",
            "id": "rtb-09fb86130ab5a9eb9",
            "owner_id": "595802027059",
            "propagating_vgws": [],
            "route": [],
            "tags": {
              "Name": "main-vpc-public"
            },
            "tags_all": {
              "Name": "main-vpc-public"
            },
            "timeouts": null,
            "vpc_id": "vpc-0601ec0cae58325f9"
          },
          "sensitive_attributes": [],
          "private": "eyJlMmJmYjczMC1lY2FhLTExZTYtOGY4OC0zNDM2M2JjN2M0YzAiOnsiY3JlYXRlIjozMDAwMDAwMDAwMDAsImRlbGV0ZSI6MzAwMDAwMDAwMDAwLCJ1cGRhdGUiOjEyMDAwMDAwMDAwMH19",
          "dependencies": [
            "module.vpc.aws_vpc.this",
            "module.vpc.aws_vpc_ipv4_cidr_block_association.this"
          ]
        }
      ]
    },
    {
      "module": "module.vpc",
      "mode": "managed",
      "type": "aws_route_table_association",
      "name": "private",
      "provider": "provider[\"registry.terraform.io/hashicorp/aws\"]",
      "instances": [
        {
          "index_key": 0,
          "schema_version": 0,
          "attributes": {
            "gateway_id": "",
            "id": "rtbassoc-0c085963c04d76ba5",
            "route_table_id": "rtb-036ed56fe63c5a93f",
            "subnet_id": "subnet-01a93e0c21f7b5af6"
          },
          "sensitive_attributes": [],
          "private": "bnVsbA==",
          "dependencies": [
            "data.aws_availability_zones.available",
            "module.vpc.aws_route_table.private",
            "module.vpc.aws_subnet.private",
            "module.vpc.aws_vpc.this",
            "module.vpc.aws_vpc_ipv4_cidr_block_association.this"
          ]
        }
      ]
    },
    {
      "module": "module.vpc",
      "mode": "managed",
      "type": "aws_route_table_association",
      "name": "public",
      "provider": "provider[\"registry.terraform.io/hashicorp/aws\"]",
      "instances": [
        {
          "index_key": 0,
          "schema_version": 0,
          "attributes": {
            "gateway_id": "",
            "id": "rtbassoc-011d3eb054085bbb3",
            "route_table_id": "rtb-09fb86130ab5a9eb9",
            "subnet_id": "subnet-0ba9aad9cab552160"
          },
          "sensitive_attributes": [],
          "private": "bnVsbA==",
          "dependencies": [
            "data.aws_availability_zones.available",
            "module.vpc.aws_route_table.public",
            "module.vpc.aws_subnet.public",
            "module.vpc.aws_vpc.this",
            "module.vpc.aws_vpc_ipv4_cidr_block_association.this"
          ]
        }
      ]
    },
    {
      "module": "module.vpc",
      "mode": "managed",
      "type": "aws_subnet",
      "name": "private",
      "provider": "provider[\"registry.terraform.io/hashicorp/aws\"]",
      "instances": [
        {
          "index_key": 0,
          "schema_version": 1,
          "attributes": {
            "arn": "arn:aws:ec2:us-east-1:595802027059:subnet/subnet-01a93e0c21f7b5af6",
            "assign_ipv6_address_on_creation": false,
            "availability_zone": "us-east-1a",
            "availability_zone_id": "use1-az4",
            "cidr_block": "10.0.1.0/24",
            "customer_owned_ipv4_pool": "",
            "enable_dns64": false,
            "enable_resource_name_dns_a_record_on_launch": false,
            "enable_resource_name_dns_aaaa_record_on_launch": false,
            "id": "subnet-01a93e0c21f7b5af6",
            "ipv6_cidr_block": "",
            "ipv6_cidr_block_association_id": "",
            "ipv6_native": false,
            "map_customer_owned_ip_on_launch": false,
            "map_public_ip_on_launch": false,
            "outpost_arn": "",
            "owner_id": "595802027059",
            "private_dns_hostname_type_on_launch": "ip-name",
            "tags": {
              "Name": "main-vpc-private-us-east-1a"
            },
            "tags_all": {
              "Name": "main-vpc-private-us-east-1a"
            },
            "timeouts": null,
            "vpc_id": "vpc-0601ec0cae58325f9"
          },
          "sensitive_attributes": [],
          "private": "eyJlMmJmYjczMC1lY2FhLTExZTYtOGY4OC0zNDM2M2JjN2M0YzAiOnsiY3JlYXRlIjo2MDAwMDAwMDAwMDAsImRlbGV0ZSI6MTIwMDAwMDAwMDAwMH0sInNjaGVtYV92ZXJzaW9uIjoiMSJ9",
          "dependencies": [
            "data.aws_availability_zones.available",
            "module.vpc.aws_vpc.this",
            "module.vpc.aws_vpc_ipv4_cidr_block_association.this"
          ]
        }
      ]
    },
    {
      "module": "module.vpc",
      "mode": "managed",
      "type": "aws_subnet",
      "name": "public",
      "provider": "provider[\"registry.terraform.io/hashicorp/aws\"]",
      "instances": [
        {
          "index_key": 0,
          "schema_version": 1,
          "attributes": {
            "arn": "arn:aws:ec2:us-east-1:595802027059:subnet/subnet-0ba9aad9cab552160",
            "assign_ipv6_address_on_creation": false,
            "availability_zone": "us-east-1a",
            "availability_zone_id": "use1-az4",
            "cidr_block": "10.0.128.0/24",
            "customer_owned_ipv4_pool": "",
            "enable_dns64": false,
            "enable_resource_name_dns_a_record_on_launch": false,
            "enable_resource_name_dns_aaaa_record_on_launch": false,
            "id": "subnet-0ba9aad9cab552160",
            "ipv6_cidr_block": "",
            "ipv6_cidr_block_association_id": "",
            "ipv6_native": false,
            "map_customer_owned_ip_on_launch": false,
            "map_public_ip_on_launch": false,
            "outpost_arn": "",
            "owner_id": "595802027059",
            "private_dns_hostname_type_on_launch": "ip-name",
            "tags": {
              "Name": "main-vpc-public-us-east-1a"
            },
            "tags_all": {
              "Name": "main-vpc-public-us-east-1a"
            },
            "timeouts": null,
            "vpc_id": "vpc-0601ec0cae58325f9"
          },
          "sensitive_attributes": [],
          "private": "eyJlMmJmYjczMC1lY2FhLTExZTYtOGY4OC0zNDM2M2JjN2M0YzAiOnsiY3JlYXRlIjo2MDAwMDAwMDAwMDAsImRlbGV0ZSI6MTIwMDAwMDAwMDAwMH0sInNjaGVtYV92ZXJzaW9uIjoiMSJ9",
          "dependencies": [
            "data.aws_availability_zones.available",
            "module.vpc.aws_vpc.this",
            "module.vpc.aws_vpc_ipv4_cidr_block_association.this"
          ]
        }
      ]
    },
    {
      "module": "module.vpc",
      "mode": "managed",
      "type": "aws_vpc",
      "name": "this",
      "provider": "provider[\"registry.terraform.io/hashicorp/aws\"]",
      "instances": [
        {
          "index_key": 0,
          "schema_version": 1,
          "attributes": {
            "arn": "arn:aws:ec2:us-east-1:595802027059:vpc/vpc-0601ec0cae58325f9",
            "assign_generated_ipv6_cidr_block": false,
            "cidr_block": "10.0.0.0/16",
            "default_network_acl_id": "acl-0bf75991ef5b362ff",
            "default_route_table_id": "rtb-03cbaf4fa369698d2",
            "default_security_group_id": "sg-07ae6eeb22e5f0cfc",
            "dhcp_options_id": "dopt-07d45d0daede3efd9",
            "enable_classiclink": false,
            "enable_classiclink_dns_support": false,
            "enable_dns_hostnames": false,
            "enable_dns_support": true,
            "id": "vpc-0601ec0cae58325f9",
            "instance_tenancy": "default",
            "ipv4_ipam_pool_id": null,
            "ipv4_netmask_length": null,
            "ipv6_association_id": "",
            "ipv6_cidr_block": "",
            "ipv6_cidr_block_network_border_group": "",
            "ipv6_ipam_pool_id": "",
            "ipv6_netmask_length": 0,
            "main_route_table_id": "rtb-03cbaf4fa369698d2",
            "owner_id": "595802027059",
            "tags": {
              "Name": "main-vpc"
            },
            "tags_all": {
              "Name": "main-vpc"
            }
          },
          "sensitive_attributes": [],
          "private": "eyJzY2hlbWFfdmVyc2lvbiI6IjEifQ=="
        }
      ]
    }
  ]
}
